// !$*UTF8*$!
{
	archiveVersion = 1;
	classes = {
	};
	objectVersion = 56;
	objects = {

/* Begin PBXBuildFile section */
		300AEAE2A7ED5AAF9A626558 /* Pods_ranchatTests.framework in Frameworks */ = {isa = PBXBuildFile; fileRef = 237F6DA0F7B0556E6148F6DD /* Pods_ranchatTests.framework */; };
		492B64042CB3B34B000CB1A3 /* Preview Assets.xcassets in Resources */ = {isa = PBXBuildFile; fileRef = 492B63F82CB3B34B000CB1A3 /* Preview Assets.xcassets */; };
		492B64052CB3B34B000CB1A3 /* Assets.xcassets in Resources */ = {isa = PBXBuildFile; fileRef = 492B63FC2CB3B34B000CB1A3 /* Assets.xcassets */; };
		492B64062CB3B34B000CB1A3 /* DungGeunMo.ttf in Resources */ = {isa = PBXBuildFile; fileRef = 492B63FE2CB3B34B000CB1A3 /* DungGeunMo.ttf */; };
		492B641A2CB3B34B000CB1A3 /* ContentView.swift in Sources */ = {isa = PBXBuildFile; fileRef = 492B63FD2CB3B34B000CB1A3 /* ContentView.swift */; };
		492B641C2CB3B34B000CB1A3 /* ranchatApp.swift in Sources */ = {isa = PBXBuildFile; fileRef = 492B64012CB3B34B000CB1A3 /* ranchatApp.swift */; };
		492BBB602CB5086600C027C6 /* UUIDV7 in Frameworks */ = {isa = PBXBuildFile; productRef = 492BBB5F2CB5086600C027C6 /* UUIDV7 */; };
		49A6EC602CD8886400E397F3 /* FirebaseAnalytics in Frameworks */ = {isa = PBXBuildFile; productRef = 49A6EC5F2CD8886400E397F3 /* FirebaseAnalytics */; };
		49A6EC622CD8886400E397F3 /* FirebaseMessaging in Frameworks */ = {isa = PBXBuildFile; productRef = 49A6EC612CD8886400E397F3 /* FirebaseMessaging */; };
		49A6EC642CD88D7900E397F3 /* GoogleService-Info.plist in Resources */ = {isa = PBXBuildFile; fileRef = 49A6EC632CD88D7900E397F3 /* GoogleService-Info.plist */; };
		49FBE7BB2CE89BB30074ECEC /* LaunchScreen.storyboard in Resources */ = {isa = PBXBuildFile; fileRef = 49FBE7BA2CE89BB30074ECEC /* LaunchScreen.storyboard */; };
		8BB9142D288CAEA528D533D8 /* Pods_ranchat.framework in Frameworks */ = {isa = PBXBuildFile; fileRef = 3E83D129B83EB149794EC952 /* Pods_ranchat.framework */; };
		A20000000000000000000001 /* User.swift in Sources */ = {isa = PBXBuildFile; fileRef = A10000000000000000000001 /* User.swift */; };
		A20000000000000000000002 /* Room.swift in Sources */ = {isa = PBXBuildFile; fileRef = A10000000000000000000002 /* Room.swift */; };
		A20000000000000000000003 /* RoomDetail.swift in Sources */ = {isa = PBXBuildFile; fileRef = A10000000000000000000003 /* RoomDetail.swift */; };
		A20000000000000000000004 /* Message.swift in Sources */ = {isa = PBXBuildFile; fileRef = A10000000000000000000004 /* Message.swift */; };
		A20000000000000000000005 /* RoomPage.swift in Sources */ = {isa = PBXBuildFile; fileRef = A10000000000000000000005 /* RoomPage.swift */; };
		A20000000000000000000006 /* MessagePage.swift in Sources */ = {isa = PBXBuildFile; fileRef = A10000000000000000000006 /* MessagePage.swift */; };
		A2000000000000000000000R /* RoomType.swift in Sources */ = {isa = PBXBuildFile; fileRef = A1000000000000000000000R /* RoomType.swift */; };
		A2000000000000000000000S /* MessageType.swift in Sources */ = {isa = PBXBuildFile; fileRef = A1000000000000000000000S /* MessageType.swift */; };
		A2000000000000000000000T /* APIEndpoint.swift in Sources */ = {isa = PBXBuildFile; fileRef = A1000000000000000000000T /* APIEndpoint.swift */; };
		A20000000000000000000007 /* NicknameError.swift in Sources */ = {isa = PBXBuildFile; fileRef = A10000000000000000000007 /* NicknameError.swift */; };
		A20000000000000000000008 /* UserRepository.swift in Sources */ = {isa = PBXBuildFile; fileRef = A10000000000000000000008 /* UserRepository.swift */; };
		A20000000000000000000009 /* RoomRepository.swift in Sources */ = {isa = PBXBuildFile; fileRef = A10000000000000000000009 /* RoomRepository.swift */; };
		A2000000000000000000000A /* ChatRepository.swift in Sources */ = {isa = PBXBuildFile; fileRef = A1000000000000000000000A /* ChatRepository.swift */; };
		A2000000000000000000000B /* NotificationRepository.swift in Sources */ = {isa = PBXBuildFile; fileRef = A1000000000000000000000B /* NotificationRepository.swift */; };
		A2000000000000000000000C /* WebSocketService.swift in Sources */ = {isa = PBXBuildFile; fileRef = A1000000000000000000000C /* WebSocketService.swift */; };
		A2000000000000000000000D /* CreateUserUseCase.swift in Sources */ = {isa = PBXBuildFile; fileRef = A1000000000000000000000D /* CreateUserUseCase.swift */; };
		A2000000000000000000000E /* GetUserUseCase.swift in Sources */ = {isa = PBXBuildFile; fileRef = A1000000000000000000000E /* GetUserUseCase.swift */; };
		A2000000000000000000000F /* UpdateUserNameUseCase.swift in Sources */ = {isa = PBXBuildFile; fileRef = A1000000000000000000000F /* UpdateUserNameUseCase.swift */; };
		A20000000000000000000010 /* ValidateNicknameUseCase.swift in Sources */ = {isa = PBXBuildFile; fileRef = A10000000000000000000010 /* ValidateNicknameUseCase.swift */; };
		A20000000000000000000011 /* CheckRoomExistUseCase.swift in Sources */ = {isa = PBXBuildFile; fileRef = A10000000000000000000011 /* CheckRoomExistUseCase.swift */; };
		A20000000000000000000012 /* CreateRoomUseCase.swift in Sources */ = {isa = PBXBuildFile; fileRef = A10000000000000000000012 /* CreateRoomUseCase.swift */; };
		A20000000000000000000013 /* GetRoomsUseCase.swift in Sources */ = {isa = PBXBuildFile; fileRef = A10000000000000000000013 /* GetRoomsUseCase.swift */; };
		A20000000000000000000014 /* GetRoomDetailUseCase.swift in Sources */ = {isa = PBXBuildFile; fileRef = A10000000000000000000014 /* GetRoomDetailUseCase.swift */; };
		A20000000000000000000015 /* GetMessagesUseCase.swift in Sources */ = {isa = PBXBuildFile; fileRef = A10000000000000000000015 /* GetMessagesUseCase.swift */; };
		A20000000000000000000016 /* ReportUserUseCase.swift in Sources */ = {isa = PBXBuildFile; fileRef = A10000000000000000000016 /* ReportUserUseCase.swift */; };
		A20000000000000000000017 /* CreateNotificationUseCase.swift in Sources */ = {isa = PBXBuildFile; fileRef = A10000000000000000000017 /* CreateNotificationUseCase.swift */; };
		A20000000000000000000018 /* UpdateNotificationUseCase.swift in Sources */ = {isa = PBXBuildFile; fileRef = A10000000000000000000018 /* UpdateNotificationUseCase.swift */; };
		A40000000000000000000001 /* NetworkError.swift in Sources */ = {isa = PBXBuildFile; fileRef = A30000000000000000000001 /* NetworkError.swift */; };
		A40000000000000000000002 /* ApiResponseDTO.swift in Sources */ = {isa = PBXBuildFile; fileRef = A30000000000000000000002 /* ApiResponseDTO.swift */; };
		A40000000000000000000003 /* UserDTO.swift in Sources */ = {isa = PBXBuildFile; fileRef = A30000000000000000000003 /* UserDTO.swift */; };
		A40000000000000000000004 /* RoomDTO.swift in Sources */ = {isa = PBXBuildFile; fileRef = A30000000000000000000004 /* RoomDTO.swift */; };
		A40000000000000000000005 /* RoomDetailDTO.swift in Sources */ = {isa = PBXBuildFile; fileRef = A30000000000000000000005 /* RoomDetailDTO.swift */; };
		A40000000000000000000006 /* MessageDTO.swift in Sources */ = {isa = PBXBuildFile; fileRef = A30000000000000000000006 /* MessageDTO.swift */; };
		A40000000000000000000007 /* RoomPageDTO.swift in Sources */ = {isa = PBXBuildFile; fileRef = A30000000000000000000007 /* RoomPageDTO.swift */; };
		A40000000000000000000008 /* MessagePageDTO.swift in Sources */ = {isa = PBXBuildFile; fileRef = A30000000000000000000008 /* MessagePageDTO.swift */; };
		A40000000000000000000009 /* NetworkClient.swift in Sources */ = {isa = PBXBuildFile; fileRef = A30000000000000000000009 /* NetworkClient.swift */; };
		A4000000000000000000000A /* DefaultUserRepository.swift in Sources */ = {isa = PBXBuildFile; fileRef = A3000000000000000000000A /* DefaultUserRepository.swift */; };
		A4000000000000000000000B /* DefaultRoomRepository.swift in Sources */ = {isa = PBXBuildFile; fileRef = A3000000000000000000000B /* DefaultRoomRepository.swift */; };
		A4000000000000000000000C /* DefaultChatRepository.swift in Sources */ = {isa = PBXBuildFile; fileRef = A3000000000000000000000C /* DefaultChatRepository.swift */; };
		A4000000000000000000000D /* DefaultNotificationRepository.swift in Sources */ = {isa = PBXBuildFile; fileRef = A3000000000000000000000D /* DefaultNotificationRepository.swift */; };
		A4000000000000000000000E /* SearchKeyword.swift in Sources */ = {isa = PBXBuildFile; fileRef = A3000000000000000000000E /* SearchKeyword.swift */; };
		A60000000000000000000001 /* WebSocketHelper.swift in Sources */ = {isa = PBXBuildFile; fileRef = A50000000000000000000001 /* WebSocketHelper.swift */; };
		A60000000000000000000002 /* KeychainHelper.swift in Sources */ = {isa = PBXBuildFile; fileRef = A50000000000000000000002 /* KeychainHelper.swift */; };
		A60000000000000000000003 /* DefaultData.swift in Sources */ = {isa = PBXBuildFile; fileRef = A50000000000000000000003 /* DefaultData.swift */; };
		A60000000000000000000004 /* NetworkMonitor.swift in Sources */ = {isa = PBXBuildFile; fileRef = A50000000000000000000004 /* NetworkMonitor.swift */; };
		A60000000000000000000005 /* IdHelper.swift in Sources */ = {isa = PBXBuildFile; fileRef = A50000000000000000000005 /* IdHelper.swift */; };
		A60000000000000000000006 /* Logger.swift in Sources */ = {isa = PBXBuildFile; fileRef = A50000000000000000000006 /* Logger.swift */; };
		A80000000000000000000001 /* HomeView.swift in Sources */ = {isa = PBXBuildFile; fileRef = A70000000000000000000001 /* HomeView.swift */; };
		A80000000000000000000002 /* HomeViewModel.swift in Sources */ = {isa = PBXBuildFile; fileRef = A70000000000000000000002 /* HomeViewModel.swift */; };
		A80000000000000000000003 /* MainButtonView.swift in Sources */ = {isa = PBXBuildFile; fileRef = A70000000000000000000003 /* MainButtonView.swift */; };
		A80000000000000000000004 /* MatchingLoadingView.swift in Sources */ = {isa = PBXBuildFile; fileRef = A70000000000000000000004 /* MatchingLoadingView.swift */; };
		A80000000000000000000005 /* ChattingView.swift in Sources */ = {isa = PBXBuildFile; fileRef = A70000000000000000000005 /* ChattingView.swift */; };
		A80000000000000000000006 /* ChattingViewModel.swift in Sources */ = {isa = PBXBuildFile; fileRef = A70000000000000000000006 /* ChattingViewModel.swift */; };
		A80000000000000000000007 /* ChatInputView.swift in Sources */ = {isa = PBXBuildFile; fileRef = A70000000000000000000007 /* ChatInputView.swift */; };
		A80000000000000000000008 /* ChatElementView.swift in Sources */ = {isa = PBXBuildFile; fileRef = A70000000000000000000008 /* ChatElementView.swift */; };
		A80000000000000000000009 /* ChatScrollView.swift in Sources */ = {isa = PBXBuildFile; fileRef = A70000000000000000000009 /* ChatScrollView.swift */; };
		A8000000000000000000000A /* ReportDialogView.swift in Sources */ = {isa = PBXBuildFile; fileRef = A7000000000000000000000A /* ReportDialogView.swift */; };
		A8000000000000000000000B /* ExitDialogView.swift in Sources */ = {isa = PBXBuildFile; fileRef = A7000000000000000000000B /* ExitDialogView.swift */; };
		A8000000000000000000000C /* RoomListView.swift in Sources */ = {isa = PBXBuildFile; fileRef = A7000000000000000000000C /* RoomListView.swift */; };
		A8000000000000000000000D /* RoomListViewModel.swift in Sources */ = {isa = PBXBuildFile; fileRef = A7000000000000000000000D /* RoomListViewModel.swift */; };
		A8000000000000000000000E /* RoomItemView.swift in Sources */ = {isa = PBXBuildFile; fileRef = A7000000000000000000000E /* RoomItemView.swift */; };
		A8000000000000000000000F /* EmptyRoomListView.swift in Sources */ = {isa = PBXBuildFile; fileRef = A7000000000000000000000F /* EmptyRoomListView.swift */; };
		A80000000000000000000010 /* ExitRoomDialogView.swift in Sources */ = {isa = PBXBuildFile; fileRef = A70000000000000000000010 /* ExitRoomDialogView.swift */; };
		A80000000000000000000011 /* SettingView.swift in Sources */ = {isa = PBXBuildFile; fileRef = A70000000000000000000011 /* SettingView.swift */; };
		A80000000000000000000012 /* SettingViewModel.swift in Sources */ = {isa = PBXBuildFile; fileRef = A70000000000000000000012 /* SettingViewModel.swift */; };
		A80000000000000000000013 /* SettingToggleView.swift in Sources */ = {isa = PBXBuildFile; fileRef = A70000000000000000000013 /* SettingToggleView.swift */; };
		A80000000000000000000014 /* SettingNickNameTextFieldView.swift in Sources */ = {isa = PBXBuildFile; fileRef = A70000000000000000000014 /* SettingNickNameTextFieldView.swift */; };
		A80000000000000000000015 /* SettingBodyView.swift in Sources */ = {isa = PBXBuildFile; fileRef = A70000000000000000000015 /* SettingBodyView.swift */; };
		A80000000000000000000016 /* DosStyleTextField.swift in Sources */ = {isa = PBXBuildFile; fileRef = A70000000000000000000016 /* DosStyleTextField.swift */; };
		A80000000000000000000017 /* CenterLoadingView.swift in Sources */ = {isa = PBXBuildFile; fileRef = A70000000000000000000017 /* CenterLoadingView.swift */; };
		A80000000000000000000018 /* ToolbarButton.swift in Sources */ = {isa = PBXBuildFile; fileRef = A70000000000000000000018 /* ToolbarButton.swift */; };
		A80000000000000000000019 /* RoomItemViewButtonStyle.swift in Sources */ = {isa = PBXBuildFile; fileRef = A70000000000000000000019 /* RoomItemViewButtonStyle.swift */; };
		A8000000000000000000001A /* DialogViewModifier.swift in Sources */ = {isa = PBXBuildFile; fileRef = A7000000000000000000001A /* DialogViewModifier.swift */; };
		A8000000000000000000001B /* Font+DungGeunMo.swift in Sources */ = {isa = PBXBuildFile; fileRef = A7000000000000000000001B /* Font+DungGeunMo.swift */; };
		A8000000000000000000001C /* UINavigationController+.swift in Sources */ = {isa = PBXBuildFile; fileRef = A7000000000000000000001C /* UINavigationController+.swift */; };
		B20000000000000000000001 /* MockCheckRoomExistUseCase.swift in Sources */ = {isa = PBXBuildFile; fileRef = B10000000000000000000001 /* MockCheckRoomExistUseCase.swift */; };
		B20000000000000000000002 /* MockCreateRoomUseCase.swift in Sources */ = {isa = PBXBuildFile; fileRef = B10000000000000000000002 /* MockCreateRoomUseCase.swift */; };
		B20000000000000000000003 /* MockCreateUserUseCase.swift in Sources */ = {isa = PBXBuildFile; fileRef = B10000000000000000000003 /* MockCreateUserUseCase.swift */; };
		B20000000000000000000004 /* MockGetRoomsUseCase.swift in Sources */ = {isa = PBXBuildFile; fileRef = B10000000000000000000004 /* MockGetRoomsUseCase.swift */; };
		B20000000000000000000005 /* MockGetUserUseCase.swift in Sources */ = {isa = PBXBuildFile; fileRef = B10000000000000000000005 /* MockGetUserUseCase.swift */; };
		B20000000000000000000006 /* MockUpdateUserNameUseCase.swift in Sources */ = {isa = PBXBuildFile; fileRef = B10000000000000000000006 /* MockUpdateUserNameUseCase.swift */; };
		B20000000000000000000007 /* MockValidateNicknameUseCase.swift in Sources */ = {isa = PBXBuildFile; fileRef = B10000000000000000000007 /* MockValidateNicknameUseCase.swift */; };
		BB010001000000000000002 /* ranchatTests.swift in Sources */ = {isa = PBXBuildFile; fileRef = BB010001000000000000001 /* ranchatTests.swift */; };
		BB020001000000000000002 /* HomeViewModelTests.swift in Sources */ = {isa = PBXBuildFile; fileRef = BB020001000000000000001 /* HomeViewModelTests.swift */; };
		BB030001000000000000002 /* SettingViewModelTests.swift in Sources */ = {isa = PBXBuildFile; fileRef = BB030001000000000000001 /* SettingViewModelTests.swift */; };
		BB040001000000000000002 /* RoomListViewModelTests.swift in Sources */ = {isa = PBXBuildFile; fileRef = BB040001000000000000001 /* RoomListViewModelTests.swift */; };
		BB050001000000000000002 /* ValidateNicknameUseCaseTests.swift in Sources */ = {isa = PBXBuildFile; fileRef = BB050001000000000000001 /* ValidateNicknameUseCaseTests.swift */; };
		BB050001000000000000002 /* MockUserRepository.swift in Sources */ = {isa = PBXBuildFile; fileRef = BB050001000000000000001 /* MockUserRepository.swift */; };
		BB060001000000000000002 /* MockRoomRepository.swift in Sources */ = {isa = PBXBuildFile; fileRef = BB060001000000000000001 /* MockRoomRepository.swift */; };
		BB070001000000000000002 /* MockChatRepository.swift in Sources */ = {isa = PBXBuildFile; fileRef = BB070001000000000000001 /* MockChatRepository.swift */; };
/* End PBXBuildFile section */

/* Begin PBXContainerItemProxy section */
		BB900001000000000000001 /* PBXContainerItemProxy */ = {
			isa = PBXContainerItemProxy;
			containerPortal = 499584A12C8DEBDB00A77646 /* Project object */;
			proxyType = 1;
			remoteGlobalIDString = 499584A82C8DEBDB00A77646;
			remoteInfo = ranchat;
		};
/* End PBXContainerItemProxy section */

/* Begin PBXCopyFilesBuildPhase section */
		499633C42CB3C61B00ED66EC /* Embed Frameworks */ = {
			isa = PBXCopyFilesBuildPhase;
			buildActionMask = 2147483647;
			dstPath = "";
			dstSubfolderSpec = 10;
			files = (
			);
			name = "Embed Frameworks";
			runOnlyForDeploymentPostprocessing = 0;
		};
/* End PBXCopyFilesBuildPhase section */

/* Begin PBXFileReference section */
		237F6DA0F7B0556E6148F6DD /* Pods_ranchatTests.framework */ = {isa = PBXFileReference; explicitFileType = wrapper.framework; includeInIndex = 0; path = Pods_ranchatTests.framework; sourceTree = BUILT_PRODUCTS_DIR; };
		3E83D129B83EB149794EC952 /* Pods_ranchat.framework */ = {isa = PBXFileReference; explicitFileType = wrapper.framework; includeInIndex = 0; path = Pods_ranchat.framework; sourceTree = BUILT_PRODUCTS_DIR; };
		492B63F82CB3B34B000CB1A3 /* Preview Assets.xcassets */ = {isa = PBXFileReference; lastKnownFileType = folder.assetcatalog; path = "Preview Assets.xcassets"; sourceTree = "<group>"; };
		492B63FC2CB3B34B000CB1A3 /* Assets.xcassets */ = {isa = PBXFileReference; lastKnownFileType = folder.assetcatalog; path = Assets.xcassets; sourceTree = "<group>"; };
		492B63FD2CB3B34B000CB1A3 /* ContentView.swift */ = {isa = PBXFileReference; lastKnownFileType = sourcecode.swift; path = ContentView.swift; sourceTree = "<group>"; };
		492B63FE2CB3B34B000CB1A3 /* DungGeunMo.ttf */ = {isa = PBXFileReference; lastKnownFileType = file; path = DungGeunMo.ttf; sourceTree = "<group>"; };
		492B63FF2CB3B34B000CB1A3 /* Info.plist */ = {isa = PBXFileReference; lastKnownFileType = text.plist.xml; path = Info.plist; sourceTree = "<group>"; };
		492B64012CB3B34B000CB1A3 /* ranchatApp.swift */ = {isa = PBXFileReference; lastKnownFileType = sourcecode.swift; path = ranchatApp.swift; sourceTree = "<group>"; };
		499584A92C8DEBDB00A77646 /* ranchat.app */ = {isa = PBXFileReference; explicitFileType = wrapper.application; includeInIndex = 0; path = ranchat.app; sourceTree = BUILT_PRODUCTS_DIR; };
		49A6EC632CD88D7900E397F3 /* GoogleService-Info.plist */ = {isa = PBXFileReference; lastKnownFileType = text.plist.xml; path = "GoogleService-Info.plist"; sourceTree = "<group>"; };
		49A6EC652CD88FF000E397F3 /* ranchat.entitlements */ = {isa = PBXFileReference; lastKnownFileType = text.plist.entitlements; path = ranchat.entitlements; sourceTree = "<group>"; };
		49FBE7BA2CE89BB30074ECEC /* LaunchScreen.storyboard */ = {isa = PBXFileReference; lastKnownFileType = file.storyboard; path = LaunchScreen.storyboard; sourceTree = "<group>"; };
		6EBB5E4C9F83FF48F921F323 /* Pods-ranchat.debug.xcconfig */ = {isa = PBXFileReference; includeInIndex = 1; lastKnownFileType = text.xcconfig; name = "Pods-ranchat.debug.xcconfig"; path = "Target Support Files/Pods-ranchat/Pods-ranchat.debug.xcconfig"; sourceTree = "<group>"; };
		81AC868808AEC9D0B0A005C2 /* Pods-ranchatTests.release.xcconfig */ = {isa = PBXFileReference; includeInIndex = 1; lastKnownFileType = text.xcconfig; name = "Pods-ranchatTests.release.xcconfig"; path = "Target Support Files/Pods-ranchatTests/Pods-ranchatTests.release.xcconfig"; sourceTree = "<group>"; };
		A10000000000000000000001 /* User.swift */ = {isa = PBXFileReference; lastKnownFileType = sourcecode.swift; path = User.swift; sourceTree = "<group>"; };
		A10000000000000000000002 /* Room.swift */ = {isa = PBXFileReference; lastKnownFileType = sourcecode.swift; path = Room.swift; sourceTree = "<group>"; };
		A10000000000000000000003 /* RoomDetail.swift */ = {isa = PBXFileReference; lastKnownFileType = sourcecode.swift; path = RoomDetail.swift; sourceTree = "<group>"; };
		A10000000000000000000004 /* Message.swift */ = {isa = PBXFileReference; lastKnownFileType = sourcecode.swift; path = Message.swift; sourceTree = "<group>"; };
		A10000000000000000000005 /* RoomPage.swift */ = {isa = PBXFileReference; lastKnownFileType = sourcecode.swift; path = RoomPage.swift; sourceTree = "<group>"; };
		A10000000000000000000006 /* MessagePage.swift */ = {isa = PBXFileReference; lastKnownFileType = sourcecode.swift; path = MessagePage.swift; sourceTree = "<group>"; };
		A1000000000000000000000R /* RoomType.swift */ = {isa = PBXFileReference; lastKnownFileType = sourcecode.swift; path = RoomType.swift; sourceTree = "<group>"; };
		A1000000000000000000000S /* MessageType.swift */ = {isa = PBXFileReference; lastKnownFileType = sourcecode.swift; path = MessageType.swift; sourceTree = "<group>"; };
		A1000000000000000000000T /* APIEndpoint.swift */ = {isa = PBXFileReference; lastKnownFileType = sourcecode.swift; path = APIEndpoint.swift; sourceTree = "<group>"; };
		A10000000000000000000007 /* NicknameError.swift */ = {isa = PBXFileReference; lastKnownFileType = sourcecode.swift; path = NicknameError.swift; sourceTree = "<group>"; };
		A10000000000000000000008 /* UserRepository.swift */ = {isa = PBXFileReference; lastKnownFileType = sourcecode.swift; path = UserRepository.swift; sourceTree = "<group>"; };
		A10000000000000000000009 /* RoomRepository.swift */ = {isa = PBXFileReference; lastKnownFileType = sourcecode.swift; path = RoomRepository.swift; sourceTree = "<group>"; };
		A1000000000000000000000A /* ChatRepository.swift */ = {isa = PBXFileReference; lastKnownFileType = sourcecode.swift; path = ChatRepository.swift; sourceTree = "<group>"; };
		A1000000000000000000000B /* NotificationRepository.swift */ = {isa = PBXFileReference; lastKnownFileType = sourcecode.swift; path = NotificationRepository.swift; sourceTree = "<group>"; };
		A1000000000000000000000C /* WebSocketService.swift */ = {isa = PBXFileReference; lastKnownFileType = sourcecode.swift; path = WebSocketService.swift; sourceTree = "<group>"; };
		A1000000000000000000000D /* CreateUserUseCase.swift */ = {isa = PBXFileReference; lastKnownFileType = sourcecode.swift; path = CreateUserUseCase.swift; sourceTree = "<group>"; };
		A1000000000000000000000E /* GetUserUseCase.swift */ = {isa = PBXFileReference; lastKnownFileType = sourcecode.swift; path = GetUserUseCase.swift; sourceTree = "<group>"; };
		A1000000000000000000000F /* UpdateUserNameUseCase.swift */ = {isa = PBXFileReference; lastKnownFileType = sourcecode.swift; path = UpdateUserNameUseCase.swift; sourceTree = "<group>"; };
		A10000000000000000000010 /* ValidateNicknameUseCase.swift */ = {isa = PBXFileReference; lastKnownFileType = sourcecode.swift; path = ValidateNicknameUseCase.swift; sourceTree = "<group>"; };
		A10000000000000000000011 /* CheckRoomExistUseCase.swift */ = {isa = PBXFileReference; lastKnownFileType = sourcecode.swift; path = CheckRoomExistUseCase.swift; sourceTree = "<group>"; };
		A10000000000000000000012 /* CreateRoomUseCase.swift */ = {isa = PBXFileReference; lastKnownFileType = sourcecode.swift; path = CreateRoomUseCase.swift; sourceTree = "<group>"; };
		A10000000000000000000013 /* GetRoomsUseCase.swift */ = {isa = PBXFileReference; lastKnownFileType = sourcecode.swift; path = GetRoomsUseCase.swift; sourceTree = "<group>"; };
		A10000000000000000000014 /* GetRoomDetailUseCase.swift */ = {isa = PBXFileReference; lastKnownFileType = sourcecode.swift; path = GetRoomDetailUseCase.swift; sourceTree = "<group>"; };
		A10000000000000000000015 /* GetMessagesUseCase.swift */ = {isa = PBXFileReference; lastKnownFileType = sourcecode.swift; path = GetMessagesUseCase.swift; sourceTree = "<group>"; };
		A10000000000000000000016 /* ReportUserUseCase.swift */ = {isa = PBXFileReference; lastKnownFileType = sourcecode.swift; path = ReportUserUseCase.swift; sourceTree = "<group>"; };
		A10000000000000000000017 /* CreateNotificationUseCase.swift */ = {isa = PBXFileReference; lastKnownFileType = sourcecode.swift; path = CreateNotificationUseCase.swift; sourceTree = "<group>"; };
		A10000000000000000000018 /* UpdateNotificationUseCase.swift */ = {isa = PBXFileReference; lastKnownFileType = sourcecode.swift; path = UpdateNotificationUseCase.swift; sourceTree = "<group>"; };
		A30000000000000000000001 /* NetworkError.swift */ = {isa = PBXFileReference; lastKnownFileType = sourcecode.swift; path = NetworkError.swift; sourceTree = "<group>"; };
		A30000000000000000000002 /* ApiResponseDTO.swift */ = {isa = PBXFileReference; lastKnownFileType = sourcecode.swift; path = ApiResponseDTO.swift; sourceTree = "<group>"; };
		A30000000000000000000003 /* UserDTO.swift */ = {isa = PBXFileReference; lastKnownFileType = sourcecode.swift; path = UserDTO.swift; sourceTree = "<group>"; };
		A30000000000000000000004 /* RoomDTO.swift */ = {isa = PBXFileReference; lastKnownFileType = sourcecode.swift; path = RoomDTO.swift; sourceTree = "<group>"; };
		A30000000000000000000005 /* RoomDetailDTO.swift */ = {isa = PBXFileReference; lastKnownFileType = sourcecode.swift; path = RoomDetailDTO.swift; sourceTree = "<group>"; };
		A30000000000000000000006 /* MessageDTO.swift */ = {isa = PBXFileReference; lastKnownFileType = sourcecode.swift; path = MessageDTO.swift; sourceTree = "<group>"; };
		A30000000000000000000007 /* RoomPageDTO.swift */ = {isa = PBXFileReference; lastKnownFileType = sourcecode.swift; path = RoomPageDTO.swift; sourceTree = "<group>"; };
		A30000000000000000000008 /* MessagePageDTO.swift */ = {isa = PBXFileReference; lastKnownFileType = sourcecode.swift; path = MessagePageDTO.swift; sourceTree = "<group>"; };
		A30000000000000000000009 /* NetworkClient.swift */ = {isa = PBXFileReference; lastKnownFileType = sourcecode.swift; path = NetworkClient.swift; sourceTree = "<group>"; };
		A3000000000000000000000A /* DefaultUserRepository.swift */ = {isa = PBXFileReference; lastKnownFileType = sourcecode.swift; path = DefaultUserRepository.swift; sourceTree = "<group>"; };
		A3000000000000000000000B /* DefaultRoomRepository.swift */ = {isa = PBXFileReference; lastKnownFileType = sourcecode.swift; path = DefaultRoomRepository.swift; sourceTree = "<group>"; };
		A3000000000000000000000C /* DefaultChatRepository.swift */ = {isa = PBXFileReference; lastKnownFileType = sourcecode.swift; path = DefaultChatRepository.swift; sourceTree = "<group>"; };
		A3000000000000000000000D /* DefaultNotificationRepository.swift */ = {isa = PBXFileReference; lastKnownFileType = sourcecode.swift; path = DefaultNotificationRepository.swift; sourceTree = "<group>"; };
		A3000000000000000000000E /* SearchKeyword.swift */ = {isa = PBXFileReference; lastKnownFileType = sourcecode.swift; path = SearchKeyword.swift; sourceTree = "<group>"; };
		A50000000000000000000001 /* WebSocketHelper.swift */ = {isa = PBXFileReference; lastKnownFileType = sourcecode.swift; path = WebSocketHelper.swift; sourceTree = "<group>"; };
		A50000000000000000000002 /* KeychainHelper.swift */ = {isa = PBXFileReference; lastKnownFileType = sourcecode.swift; path = KeychainHelper.swift; sourceTree = "<group>"; };
		A50000000000000000000003 /* DefaultData.swift */ = {isa = PBXFileReference; lastKnownFileType = sourcecode.swift; path = DefaultData.swift; sourceTree = "<group>"; };
		A50000000000000000000004 /* NetworkMonitor.swift */ = {isa = PBXFileReference; lastKnownFileType = sourcecode.swift; path = NetworkMonitor.swift; sourceTree = "<group>"; };
		A50000000000000000000005 /* IdHelper.swift */ = {isa = PBXFileReference; lastKnownFileType = sourcecode.swift; path = IdHelper.swift; sourceTree = "<group>"; };
		A50000000000000000000006 /* Logger.swift */ = {isa = PBXFileReference; lastKnownFileType = sourcecode.swift; path = Logger.swift; sourceTree = "<group>"; };
		A70000000000000000000001 /* HomeView.swift */ = {isa = PBXFileReference; lastKnownFileType = sourcecode.swift; path = HomeView.swift; sourceTree = "<group>"; };
		A70000000000000000000002 /* HomeViewModel.swift */ = {isa = PBXFileReference; lastKnownFileType = sourcecode.swift; path = HomeViewModel.swift; sourceTree = "<group>"; };
		A70000000000000000000003 /* MainButtonView.swift */ = {isa = PBXFileReference; lastKnownFileType = sourcecode.swift; path = MainButtonView.swift; sourceTree = "<group>"; };
		A70000000000000000000004 /* MatchingLoadingView.swift */ = {isa = PBXFileReference; lastKnownFileType = sourcecode.swift; path = MatchingLoadingView.swift; sourceTree = "<group>"; };
		A70000000000000000000005 /* ChattingView.swift */ = {isa = PBXFileReference; lastKnownFileType = sourcecode.swift; path = ChattingView.swift; sourceTree = "<group>"; };
		A70000000000000000000006 /* ChattingViewModel.swift */ = {isa = PBXFileReference; lastKnownFileType = sourcecode.swift; path = ChattingViewModel.swift; sourceTree = "<group>"; };
		A70000000000000000000007 /* ChatInputView.swift */ = {isa = PBXFileReference; lastKnownFileType = sourcecode.swift; path = ChatInputView.swift; sourceTree = "<group>"; };
		A70000000000000000000008 /* ChatElementView.swift */ = {isa = PBXFileReference; lastKnownFileType = sourcecode.swift; path = ChatElementView.swift; sourceTree = "<group>"; };
		A70000000000000000000009 /* ChatScrollView.swift */ = {isa = PBXFileReference; lastKnownFileType = sourcecode.swift; path = ChatScrollView.swift; sourceTree = "<group>"; };
		A7000000000000000000000A /* ReportDialogView.swift */ = {isa = PBXFileReference; lastKnownFileType = sourcecode.swift; path = ReportDialogView.swift; sourceTree = "<group>"; };
		A7000000000000000000000B /* ExitDialogView.swift */ = {isa = PBXFileReference; lastKnownFileType = sourcecode.swift; path = ExitDialogView.swift; sourceTree = "<group>"; };
		A7000000000000000000000C /* RoomListView.swift */ = {isa = PBXFileReference; lastKnownFileType = sourcecode.swift; path = RoomListView.swift; sourceTree = "<group>"; };
		A7000000000000000000000D /* RoomListViewModel.swift */ = {isa = PBXFileReference; lastKnownFileType = sourcecode.swift; path = RoomListViewModel.swift; sourceTree = "<group>"; };
		A7000000000000000000000E /* RoomItemView.swift */ = {isa = PBXFileReference; lastKnownFileType = sourcecode.swift; path = RoomItemView.swift; sourceTree = "<group>"; };
		A7000000000000000000000F /* EmptyRoomListView.swift */ = {isa = PBXFileReference; lastKnownFileType = sourcecode.swift; path = EmptyRoomListView.swift; sourceTree = "<group>"; };
		A70000000000000000000010 /* ExitRoomDialogView.swift */ = {isa = PBXFileReference; lastKnownFileType = sourcecode.swift; path = ExitRoomDialogView.swift; sourceTree = "<group>"; };
		A70000000000000000000011 /* SettingView.swift */ = {isa = PBXFileReference; lastKnownFileType = sourcecode.swift; path = SettingView.swift; sourceTree = "<group>"; };
		A70000000000000000000012 /* SettingViewModel.swift */ = {isa = PBXFileReference; lastKnownFileType = sourcecode.swift; path = SettingViewModel.swift; sourceTree = "<group>"; };
		A70000000000000000000013 /* SettingToggleView.swift */ = {isa = PBXFileReference; lastKnownFileType = sourcecode.swift; path = SettingToggleView.swift; sourceTree = "<group>"; };
		A70000000000000000000014 /* SettingNickNameTextFieldView.swift */ = {isa = PBXFileReference; lastKnownFileType = sourcecode.swift; path = SettingNickNameTextFieldView.swift; sourceTree = "<group>"; };
		A70000000000000000000015 /* SettingBodyView.swift */ = {isa = PBXFileReference; lastKnownFileType = sourcecode.swift; path = SettingBodyView.swift; sourceTree = "<group>"; };
		A70000000000000000000016 /* DosStyleTextField.swift */ = {isa = PBXFileReference; lastKnownFileType = sourcecode.swift; path = DosStyleTextField.swift; sourceTree = "<group>"; };
		A70000000000000000000017 /* CenterLoadingView.swift */ = {isa = PBXFileReference; lastKnownFileType = sourcecode.swift; path = CenterLoadingView.swift; sourceTree = "<group>"; };
		A70000000000000000000018 /* ToolbarButton.swift */ = {isa = PBXFileReference; lastKnownFileType = sourcecode.swift; path = ToolbarButton.swift; sourceTree = "<group>"; };
		A70000000000000000000019 /* RoomItemViewButtonStyle.swift */ = {isa = PBXFileReference; lastKnownFileType = sourcecode.swift; path = RoomItemViewButtonStyle.swift; sourceTree = "<group>"; };
		A7000000000000000000001A /* DialogViewModifier.swift */ = {isa = PBXFileReference; lastKnownFileType = sourcecode.swift; path = DialogViewModifier.swift; sourceTree = "<group>"; };
		A7000000000000000000001B /* Font+DungGeunMo.swift */ = {isa = PBXFileReference; lastKnownFileType = sourcecode.swift; path = "Font+DungGeunMo.swift"; sourceTree = "<group>"; };
		A7000000000000000000001C /* UINavigationController+.swift */ = {isa = PBXFileReference; lastKnownFileType = sourcecode.swift; path = "UINavigationController+.swift"; sourceTree = "<group>"; };
		B031065110250D7527CFA8C9 /* Pods-ranchat.release.xcconfig */ = {isa = PBXFileReference; includeInIndex = 1; lastKnownFileType = text.xcconfig; name = "Pods-ranchat.release.xcconfig"; path = "Target Support Files/Pods-ranchat/Pods-ranchat.release.xcconfig"; sourceTree = "<group>"; };
		B10000000000000000000001 /* MockCheckRoomExistUseCase.swift */ = {isa = PBXFileReference; lastKnownFileType = sourcecode.swift; path = MockCheckRoomExistUseCase.swift; sourceTree = "<group>"; };
		B10000000000000000000002 /* MockCreateRoomUseCase.swift */ = {isa = PBXFileReference; lastKnownFileType = sourcecode.swift; path = MockCreateRoomUseCase.swift; sourceTree = "<group>"; };
		B10000000000000000000003 /* MockCreateUserUseCase.swift */ = {isa = PBXFileReference; lastKnownFileType = sourcecode.swift; path = MockCreateUserUseCase.swift; sourceTree = "<group>"; };
		B10000000000000000000004 /* MockGetRoomsUseCase.swift */ = {isa = PBXFileReference; lastKnownFileType = sourcecode.swift; path = MockGetRoomsUseCase.swift; sourceTree = "<group>"; };
		B10000000000000000000005 /* MockGetUserUseCase.swift */ = {isa = PBXFileReference; lastKnownFileType = sourcecode.swift; path = MockGetUserUseCase.swift; sourceTree = "<group>"; };
		B10000000000000000000006 /* MockUpdateUserNameUseCase.swift */ = {isa = PBXFileReference; lastKnownFileType = sourcecode.swift; path = MockUpdateUserNameUseCase.swift; sourceTree = "<group>"; };
		B10000000000000000000007 /* MockValidateNicknameUseCase.swift */ = {isa = PBXFileReference; lastKnownFileType = sourcecode.swift; path = MockValidateNicknameUseCase.swift; sourceTree = "<group>"; };
		BB000001000000000000001 /* ranchatTests.xctest */ = {isa = PBXFileReference; explicitFileType = wrapper.cfbundle; includeInIndex = 0; path = ranchatTests.xctest; sourceTree = BUILT_PRODUCTS_DIR; };
		BB010001000000000000001 /* ranchatTests.swift */ = {isa = PBXFileReference; lastKnownFileType = sourcecode.swift; path = ranchatTests.swift; sourceTree = "<group>"; };
		BB020001000000000000001 /* HomeViewModelTests.swift */ = {isa = PBXFileReference; lastKnownFileType = sourcecode.swift; path = HomeViewModelTests.swift; sourceTree = "<group>"; };
		BB030001000000000000001 /* SettingViewModelTests.swift */ = {isa = PBXFileReference; lastKnownFileType = sourcecode.swift; path = SettingViewModelTests.swift; sourceTree = "<group>"; };
		BB040001000000000000001 /* RoomListViewModelTests.swift */ = {isa = PBXFileReference; lastKnownFileType = sourcecode.swift; path = RoomListViewModelTests.swift; sourceTree = "<group>"; };
		BB050001000000000000001 /* ValidateNicknameUseCaseTests.swift */ = {isa = PBXFileReference; lastKnownFileType = sourcecode.swift; path = ValidateNicknameUseCaseTests.swift; sourceTree = "<group>"; };
		BB050001000000000000001 /* MockUserRepository.swift */ = {isa = PBXFileReference; lastKnownFileType = sourcecode.swift; path = MockUserRepository.swift; sourceTree = "<group>"; };
		BB060001000000000000001 /* MockRoomRepository.swift */ = {isa = PBXFileReference; lastKnownFileType = sourcecode.swift; path = MockRoomRepository.swift; sourceTree = "<group>"; };
		BB070001000000000000001 /* MockChatRepository.swift */ = {isa = PBXFileReference; lastKnownFileType = sourcecode.swift; path = MockChatRepository.swift; sourceTree = "<group>"; };
		E83E75C74D523359A5F76593 /* Pods-ranchatTests.debug.xcconfig */ = {isa = PBXFileReference; includeInIndex = 1; lastKnownFileType = text.xcconfig; name = "Pods-ranchatTests.debug.xcconfig"; path = "Target Support Files/Pods-ranchatTests/Pods-ranchatTests.debug.xcconfig"; sourceTree = "<group>"; };
/* End PBXFileReference section */

/* Begin PBXFrameworksBuildPhase section */
		499584A62C8DEBDB00A77646 /* Frameworks */ = {
			isa = PBXFrameworksBuildPhase;
			buildActionMask = 2147483647;
			files = (
				49A6EC622CD8886400E397F3 /* FirebaseMessaging in Frameworks */,
				492BBB602CB5086600C027C6 /* UUIDV7 in Frameworks */,
				8BB9142D288CAEA528D533D8 /* Pods_ranchat.framework in Frameworks */,
				49A6EC602CD8886400E397F3 /* FirebaseAnalytics in Frameworks */,
			);
			runOnlyForDeploymentPostprocessing = 0;
		};
		BB600001000000000000001 /* Frameworks */ = {
			isa = PBXFrameworksBuildPhase;
			buildActionMask = 2147483647;
			files = (
				300AEAE2A7ED5AAF9A626558 /* Pods_ranchatTests.framework in Frameworks */,
			);
			runOnlyForDeploymentPostprocessing = 0;
		};
/* End PBXFrameworksBuildPhase section */

/* Begin PBXGroup section */
		1A05DFEA69F7DC0715DC075D /* Frameworks */ = {
			isa = PBXGroup;
			children = (
				3E83D129B83EB149794EC952 /* Pods_ranchat.framework */,
				237F6DA0F7B0556E6148F6DD /* Pods_ranchatTests.framework */,
			);
			name = Frameworks;
			sourceTree = "<group>";
		};
		492B63F92CB3B34B000CB1A3 /* Preview Content */ = {
			isa = PBXGroup;
			children = (
				492B63F82CB3B34B000CB1A3 /* Preview Assets.xcassets */,
			);
			path = "Preview Content";
			sourceTree = "<group>";
		};
		492B64032CB3B34B000CB1A3 /* ranchat */ = {
			isa = PBXGroup;
			children = (
				49A6EC652CD88FF000E397F3 /* ranchat.entitlements */,
				49A6EC632CD88D7900E397F3 /* GoogleService-Info.plist */,
				492B64012CB3B34B000CB1A3 /* ranchatApp.swift */,
				492B63FD2CB3B34B000CB1A3 /* ContentView.swift */,
				A90000000000000000000006 /* Domain */,
				A90000000000000000000001 /* Data */,
				A9000000000000000000000F /* Infrastructure */,
				A90000000000000000000015 /* Presentation */,
				492B63FC2CB3B34B000CB1A3 /* Assets.xcassets */,
				492B63FE2CB3B34B000CB1A3 /* DungGeunMo.ttf */,
				492B63FF2CB3B34B000CB1A3 /* Info.plist */,
				492B63F92CB3B34B000CB1A3 /* Preview Content */,
				49FBE7BA2CE89BB30074ECEC /* LaunchScreen.storyboard */,
			);
			path = ranchat;
			sourceTree = "<group>";
		};
		499584A02C8DEBDB00A77646 = {
			isa = PBXGroup;
			children = (
				492B64032CB3B34B000CB1A3 /* ranchat */,
				499584AA2C8DEBDB00A77646 /* Products */,
				7A2C7BC9619A53FD98386D6C /* Pods */,
				1A05DFEA69F7DC0715DC075D /* Frameworks */,
				BB110001000000000000001 /* Tests */,
			);
			sourceTree = "<group>";
		};
		499584AA2C8DEBDB00A77646 /* Products */ = {
			isa = PBXGroup;
			children = (
				499584A92C8DEBDB00A77646 /* ranchat.app */,
				BB000001000000000000001 /* ranchatTests.xctest */,
			);
			name = Products;
			sourceTree = "<group>";
		};
		7A2C7BC9619A53FD98386D6C /* Pods */ = {
			isa = PBXGroup;
			children = (
				6EBB5E4C9F83FF48F921F323 /* Pods-ranchat.debug.xcconfig */,
				B031065110250D7527CFA8C9 /* Pods-ranchat.release.xcconfig */,
				E83E75C74D523359A5F76593 /* Pods-ranchatTests.debug.xcconfig */,
				81AC868808AEC9D0B0A005C2 /* Pods-ranchatTests.release.xcconfig */,
			);
			path = Pods;
			sourceTree = "<group>";
		};
		A90000000000000000000001 /* Data */ = {
			isa = PBXGroup;
			children = (
				A90000000000000000000002 /* DTO */,
				A90000000000000000000003 /* DataSource */,
				A90000000000000000000005 /* Repository */,
				A90000000000000000000004 /* LocalStorage */,
				A30000000000000000000001 /* NetworkError.swift */,
				A1000000000000000000000T /* APIEndpoint.swift */,
			);
			path = Data;
			sourceTree = "<group>";
		};
		A90000000000000000000002 /* DTO */ = {
			isa = PBXGroup;
			children = (
				A30000000000000000000002 /* ApiResponseDTO.swift */,
				A30000000000000000000003 /* UserDTO.swift */,
				A30000000000000000000004 /* RoomDTO.swift */,
				A30000000000000000000005 /* RoomDetailDTO.swift */,
				A30000000000000000000006 /* MessageDTO.swift */,
				A30000000000000000000007 /* RoomPageDTO.swift */,
				A30000000000000000000008 /* MessagePageDTO.swift */,
			);
			path = DTO;
			sourceTree = "<group>";
		};
		A90000000000000000000003 /* DataSource */ = {
			isa = PBXGroup;
			children = (
				A30000000000000000000009 /* NetworkClient.swift */,
			);
			path = DataSource;
			sourceTree = "<group>";
		};
		A90000000000000000000004 /* LocalStorage */ = {
			isa = PBXGroup;
			children = (
				A3000000000000000000000E /* SearchKeyword.swift */,
			);
			path = LocalStorage;
			sourceTree = "<group>";
		};
		A90000000000000000000005 /* Repository */ = {
			isa = PBXGroup;
			children = (
				A3000000000000000000000A /* DefaultUserRepository.swift */,
				A3000000000000000000000B /* DefaultRoomRepository.swift */,
				A3000000000000000000000C /* DefaultChatRepository.swift */,
				A3000000000000000000000D /* DefaultNotificationRepository.swift */,
			);
			path = Repository;
			sourceTree = "<group>";
		};
		A90000000000000000000006 /* Domain */ = {
			isa = PBXGroup;
			children = (
				A90000000000000000000007 /* Entity */,
				A90000000000000000000008 /* Repository */,
				A90000000000000000000009 /* Service */,
				A9000000000000000000000A /* UseCase */,
			);
			path = Domain;
			sourceTree = "<group>";
		};
		A90000000000000000000007 /* Entity */ = {
			isa = PBXGroup;
			children = (
				A10000000000000000000001 /* User.swift */,
				A10000000000000000000002 /* Room.swift */,
				A10000000000000000000003 /* RoomDetail.swift */,
				A10000000000000000000004 /* Message.swift */,
				A10000000000000000000005 /* RoomPage.swift */,
				A10000000000000000000006 /* MessagePage.swift */,
				A10000000000000000000007 /* NicknameError.swift */,
				A1000000000000000000000R /* RoomType.swift */,
				A1000000000000000000000S /* MessageType.swift */,
			);
			path = Entity;
			sourceTree = "<group>";
		};
		A90000000000000000000008 /* Repository */ = {
			isa = PBXGroup;
			children = (
				A10000000000000000000008 /* UserRepository.swift */,
				A10000000000000000000009 /* RoomRepository.swift */,
				A1000000000000000000000A /* ChatRepository.swift */,
				A1000000000000000000000B /* NotificationRepository.swift */,
			);
			path = Repository;
			sourceTree = "<group>";
		};
		A90000000000000000000009 /* Service */ = {
			isa = PBXGroup;
			children = (
				A1000000000000000000000C /* WebSocketService.swift */,
			);
			path = Service;
			sourceTree = "<group>";
		};
		A9000000000000000000000A /* UseCase */ = {
			isa = PBXGroup;
			children = (
				A9000000000000000000000E /* User */,
				A9000000000000000000000D /* Room */,
				A9000000000000000000000B /* Chat */,
				A9000000000000000000000C /* Notification */,
			);
			path = UseCase;
			sourceTree = "<group>";
		};
		A9000000000000000000000B /* Chat */ = {
			isa = PBXGroup;
			children = (
				A10000000000000000000015 /* GetMessagesUseCase.swift */,
				A10000000000000000000016 /* ReportUserUseCase.swift */,
			);
			path = Chat;
			sourceTree = "<group>";
		};
		A9000000000000000000000C /* Notification */ = {
			isa = PBXGroup;
			children = (
				A10000000000000000000017 /* CreateNotificationUseCase.swift */,
				A10000000000000000000018 /* UpdateNotificationUseCase.swift */,
			);
			path = Notification;
			sourceTree = "<group>";
		};
		A9000000000000000000000D /* Room */ = {
			isa = PBXGroup;
			children = (
				A10000000000000000000011 /* CheckRoomExistUseCase.swift */,
				A10000000000000000000012 /* CreateRoomUseCase.swift */,
				A10000000000000000000013 /* GetRoomsUseCase.swift */,
				A10000000000000000000014 /* GetRoomDetailUseCase.swift */,
			);
			path = Room;
			sourceTree = "<group>";
		};
		A9000000000000000000000E /* User */ = {
			isa = PBXGroup;
			children = (
				A1000000000000000000000D /* CreateUserUseCase.swift */,
				A1000000000000000000000E /* GetUserUseCase.swift */,
				A1000000000000000000000F /* UpdateUserNameUseCase.swift */,
				A10000000000000000000010 /* ValidateNicknameUseCase.swift */,
			);
			path = User;
			sourceTree = "<group>";
		};
		A9000000000000000000000F /* Infrastructure */ = {
			isa = PBXGroup;
			children = (
				A90000000000000000000014 /* WebSocket */,
				A90000000000000000000010 /* Keychain */,
				A90000000000000000000012 /* Network */,
				A90000000000000000000013 /* Session */,
				A90000000000000000000011 /* Logger */,
			);
			path = Infrastructure;
			sourceTree = "<group>";
		};
		A90000000000000000000010 /* Keychain */ = {
			isa = PBXGroup;
			children = (
				A50000000000000000000002 /* KeychainHelper.swift */,
			);
			path = Keychain;
			sourceTree = "<group>";
		};
		A90000000000000000000011 /* Logger */ = {
			isa = PBXGroup;
			children = (
				A50000000000000000000006 /* Logger.swift */,
			);
			path = Logger;
			sourceTree = "<group>";
		};
		A90000000000000000000012 /* Network */ = {
			isa = PBXGroup;
			children = (
				A50000000000000000000003 /* DefaultData.swift */,
				A50000000000000000000004 /* NetworkMonitor.swift */,
			);
			path = Network;
			sourceTree = "<group>";
		};
		A90000000000000000000013 /* Session */ = {
			isa = PBXGroup;
			children = (
				A50000000000000000000005 /* IdHelper.swift */,
			);
			path = Session;
			sourceTree = "<group>";
		};
		A90000000000000000000014 /* WebSocket */ = {
			isa = PBXGroup;
			children = (
				A50000000000000000000001 /* WebSocketHelper.swift */,
			);
			path = WebSocket;
			sourceTree = "<group>";
		};
		A90000000000000000000015 /* Presentation */ = {
			isa = PBXGroup;
			children = (
				A9000000000000000000001B /* Home */,
				A90000000000000000000016 /* Chatting */,
				A9000000000000000000001D /* RoomList */,
				A90000000000000000000020 /* Setting */,
				A90000000000000000000019 /* Common */,
				A9000000000000000000001A /* Extension */,
			);
			path = Presentation;
			sourceTree = "<group>";
		};
		A90000000000000000000016 /* Chatting */ = {
			isa = PBXGroup;
			children = (
				A90000000000000000000017 /* CustomView */,
				A70000000000000000000005 /* ChattingView.swift */,
				A70000000000000000000006 /* ChattingViewModel.swift */,
			);
			path = Chatting;
			sourceTree = "<group>";
		};
		A90000000000000000000017 /* CustomView */ = {
			isa = PBXGroup;
			children = (
				A90000000000000000000018 /* Dialog */,
				A70000000000000000000007 /* ChatInputView.swift */,
				A70000000000000000000008 /* ChatElementView.swift */,
				A70000000000000000000009 /* ChatScrollView.swift */,
			);
			path = CustomView;
			sourceTree = "<group>";
		};
		A90000000000000000000018 /* Dialog */ = {
			isa = PBXGroup;
			children = (
				A7000000000000000000000A /* ReportDialogView.swift */,
				A7000000000000000000000B /* ExitDialogView.swift */,
			);
			path = Dialog;
			sourceTree = "<group>";
		};
		A90000000000000000000019 /* Common */ = {
			isa = PBXGroup;
			children = (
				A70000000000000000000016 /* DosStyleTextField.swift */,
				A70000000000000000000017 /* CenterLoadingView.swift */,
				A70000000000000000000018 /* ToolbarButton.swift */,
				A70000000000000000000019 /* RoomItemViewButtonStyle.swift */,
				A7000000000000000000001A /* DialogViewModifier.swift */,
			);
			path = Common;
			sourceTree = "<group>";
		};
		A9000000000000000000001A /* Extension */ = {
			isa = PBXGroup;
			children = (
				A7000000000000000000001B /* Font+DungGeunMo.swift */,
				A7000000000000000000001C /* UINavigationController+.swift */,
			);
			path = Extension;
			sourceTree = "<group>";
		};
		A9000000000000000000001B /* Home */ = {
			isa = PBXGroup;
			children = (
				A9000000000000000000001C /* CustomView */,
				A70000000000000000000001 /* HomeView.swift */,
				A70000000000000000000002 /* HomeViewModel.swift */,
			);
			path = Home;
			sourceTree = "<group>";
		};
		A9000000000000000000001C /* CustomView */ = {
			isa = PBXGroup;
			children = (
				A70000000000000000000003 /* MainButtonView.swift */,
				A70000000000000000000004 /* MatchingLoadingView.swift */,
			);
			path = CustomView;
			sourceTree = "<group>";
		};
		A9000000000000000000001D /* RoomList */ = {
			isa = PBXGroup;
			children = (
				A9000000000000000000001E /* CustomView */,
				A7000000000000000000000C /* RoomListView.swift */,
				A7000000000000000000000D /* RoomListViewModel.swift */,
			);
			path = RoomList;
			sourceTree = "<group>";
		};
		A9000000000000000000001E /* CustomView */ = {
			isa = PBXGroup;
			children = (
				A9000000000000000000001F /* Dialog */,
				A7000000000000000000000E /* RoomItemView.swift */,
				A7000000000000000000000F /* EmptyRoomListView.swift */,
			);
			path = CustomView;
			sourceTree = "<group>";
		};
		A9000000000000000000001F /* Dialog */ = {
			isa = PBXGroup;
			children = (
				A70000000000000000000010 /* ExitRoomDialogView.swift */,
			);
			path = Dialog;
			sourceTree = "<group>";
		};
		A90000000000000000000020 /* Setting */ = {
			isa = PBXGroup;
			children = (
				A90000000000000000000021 /* CustomView */,
				A70000000000000000000011 /* SettingView.swift */,
				A70000000000000000000012 /* SettingViewModel.swift */,
			);
			path = Setting;
			sourceTree = "<group>";
		};
		A90000000000000000000021 /* CustomView */ = {
			isa = PBXGroup;
			children = (
				A70000000000000000000013 /* SettingToggleView.swift */,
				A70000000000000000000014 /* SettingNickNameTextFieldView.swift */,
				A70000000000000000000015 /* SettingBodyView.swift */,
			);
			path = CustomView;
			sourceTree = "<group>";
		};
		BB110001000000000000001 /* Tests */ = {
			isa = PBXGroup;
			children = (
				BB120001000000000000001 /* ranchatTests */,
			);
			path = Tests;
			sourceTree = "<group>";
		};
		BB120001000000000000001 /* ranchatTests */ = {
			isa = PBXGroup;
			children = (
				BB130001000000000000001 /* Mock */,
				BB010001000000000000001 /* ranchatTests.swift */,
				BB020001000000000000001 /* HomeViewModelTests.swift */,
				BB030001000000000000001 /* SettingViewModelTests.swift */,
				BB040001000000000000001 /* RoomListViewModelTests.swift */,
				BB050001000000000000001 /* ValidateNicknameUseCaseTests.swift */,
			);
			path = ranchatTests;
			sourceTree = "<group>";
		};
		BB130001000000000000001 /* Mock */ = {
			isa = PBXGroup;
			children = (
				BB050001000000000000001 /* MockUserRepository.swift */,
				BB060001000000000000001 /* MockRoomRepository.swift */,
				BB070001000000000000001 /* MockChatRepository.swift */,
				B10000000000000000000001 /* MockCheckRoomExistUseCase.swift */,
				B10000000000000000000002 /* MockCreateRoomUseCase.swift */,
				B10000000000000000000003 /* MockCreateUserUseCase.swift */,
				B10000000000000000000004 /* MockGetRoomsUseCase.swift */,
				B10000000000000000000005 /* MockGetUserUseCase.swift */,
				B10000000000000000000006 /* MockUpdateUserNameUseCase.swift */,
				B10000000000000000000007 /* MockValidateNicknameUseCase.swift */,
			);
			path = Mock;
			sourceTree = "<group>";
		};
/* End PBXGroup section */

/* Begin PBXNativeTarget section */
		499584A82C8DEBDB00A77646 /* ranchat */ = {
			isa = PBXNativeTarget;
			buildConfigurationList = 499584B92C8DEBDD00A77646 /* Build configuration list for PBXNativeTarget "ranchat" */;
			buildPhases = (
				600C758A37B63711ACFDABEC /* [CP] Check Pods Manifest.lock */,
				499584A52C8DEBDB00A77646 /* Sources */,
				499584A62C8DEBDB00A77646 /* Frameworks */,
				499584A72C8DEBDB00A77646 /* Resources */,
				499633C42CB3C61B00ED66EC /* Embed Frameworks */,
				632A6D78B90F08B4E44DF0FF /* [CP] Embed Pods Frameworks */,
			);
			buildRules = (
			);
			dependencies = (
			);
			name = ranchat;
			productName = ranchat;
			productReference = 499584A92C8DEBDB00A77646 /* ranchat.app */;
			productType = "com.apple.product-type.application";
		};
		BB100001000000000000001 /* ranchatTests */ = {
			isa = PBXNativeTarget;
			buildConfigurationList = BB200001000000000000001 /* Build configuration list for PBXNativeTarget "ranchatTests" */;
			buildPhases = (
				601B5874A05F75458E860184 /* [CP] Check Pods Manifest.lock */,
				BB500001000000000000001 /* Sources */,
				BB600001000000000000001 /* Frameworks */,
				BB700001000000000000001 /* Resources */,
			);
			buildRules = (
			);
			dependencies = (
				BB800001000000000000001 /* PBXTargetDependency */,
			);
			name = ranchatTests;
			productName = ranchatTests;
			productReference = BB000001000000000000001 /* ranchatTests.xctest */;
			productType = "com.apple.product-type.bundle.unit-test";
		};
/* End PBXNativeTarget section */

/* Begin PBXProject section */
		499584A12C8DEBDB00A77646 /* Project object */ = {
			isa = PBXProject;
			attributes = {
				BuildIndependentTargetsInParallel = 1;
				LastSwiftUpdateCheck = 1530;
				LastUpgradeCheck = 2600;
				TargetAttributes = {
					499584A82C8DEBDB00A77646 = {
						CreatedOnToolsVersion = 15.3;
					};
				};
			};
			buildConfigurationList = 499584A42C8DEBDB00A77646 /* Build configuration list for PBXProject "ranchat" */;
			compatibilityVersion = "Xcode 14.0";
			developmentRegion = en;
			hasScannedForEncodings = 0;
			knownRegions = (
				en,
				Base,
			);
			mainGroup = 499584A02C8DEBDB00A77646;
			packageReferences = (
				492BBB5E2CB5086600C027C6 /* XCRemoteSwiftPackageReference "UUIDV7" */,
				49A6EC5E2CD8886400E397F3 /* XCRemoteSwiftPackageReference "firebase-ios-sdk" */,
			);
			productRefGroup = 499584AA2C8DEBDB00A77646 /* Products */;
			projectDirPath = "";
			projectRoot = "";
			targets = (
				499584A82C8DEBDB00A77646 /* ranchat */,
				BB100001000000000000001 /* ranchatTests */,
			);
		};
/* End PBXProject section */

/* Begin PBXResourcesBuildPhase section */
		499584A72C8DEBDB00A77646 /* Resources */ = {
			isa = PBXResourcesBuildPhase;
			buildActionMask = 2147483647;
			files = (
				492B64042CB3B34B000CB1A3 /* Preview Assets.xcassets in Resources */,
				49A6EC642CD88D7900E397F3 /* GoogleService-Info.plist in Resources */,
				492B64052CB3B34B000CB1A3 /* Assets.xcassets in Resources */,
				49FBE7BB2CE89BB30074ECEC /* LaunchScreen.storyboard in Resources */,
				492B64062CB3B34B000CB1A3 /* DungGeunMo.ttf in Resources */,
			);
			runOnlyForDeploymentPostprocessing = 0;
		};
		BB700001000000000000001 /* Resources */ = {
			isa = PBXResourcesBuildPhase;
			buildActionMask = 2147483647;
			files = (
			);
			runOnlyForDeploymentPostprocessing = 0;
		};
/* End PBXResourcesBuildPhase section */

/* Begin PBXShellScriptBuildPhase section */
		600C758A37B63711ACFDABEC /* [CP] Check Pods Manifest.lock */ = {
			isa = PBXShellScriptBuildPhase;
			buildActionMask = 2147483647;
			files = (
			);
			inputFileListPaths = (
			);
			inputPaths = (
				"${PODS_PODFILE_DIR_PATH}/Podfile.lock",
				"${PODS_ROOT}/Manifest.lock",
			);
			name = "[CP] Check Pods Manifest.lock";
			outputFileListPaths = (
			);
			outputPaths = (
				"$(DERIVED_FILE_DIR)/Pods-ranchat-checkManifestLockResult.txt",
			);
			runOnlyForDeploymentPostprocessing = 0;
			shellPath = /bin/sh;
			shellScript = "diff \"${PODS_PODFILE_DIR_PATH}/Podfile.lock\" \"${PODS_ROOT}/Manifest.lock\" > /dev/null\nif [ $? != 0 ] ; then\n    # print error to STDERR\n    echo \"error: The sandbox is not in sync with the Podfile.lock. Run 'pod install' or update your CocoaPods installation.\" >&2\n    exit 1\nfi\n# This output is used by Xcode 'outputs' to avoid re-running this script phase.\necho \"SUCCESS\" > \"${SCRIPT_OUTPUT_FILE_0}\"\n";
			showEnvVarsInLog = 0;
		};
		601B5874A05F75458E860184 /* [CP] Check Pods Manifest.lock */ = {
			isa = PBXShellScriptBuildPhase;
			buildActionMask = 2147483647;
			files = (
			);
			inputFileListPaths = (
			);
			inputPaths = (
				"${PODS_PODFILE_DIR_PATH}/Podfile.lock",
				"${PODS_ROOT}/Manifest.lock",
			);
			name = "[CP] Check Pods Manifest.lock";
			outputFileListPaths = (
			);
			outputPaths = (
				"$(DERIVED_FILE_DIR)/Pods-ranchatTests-checkManifestLockResult.txt",
			);
			runOnlyForDeploymentPostprocessing = 0;
			shellPath = /bin/sh;
			shellScript = "diff \"${PODS_PODFILE_DIR_PATH}/Podfile.lock\" \"${PODS_ROOT}/Manifest.lock\" > /dev/null\nif [ $? != 0 ] ; then\n    # print error to STDERR\n    echo \"error: The sandbox is not in sync with the Podfile.lock. Run 'pod install' or update your CocoaPods installation.\" >&2\n    exit 1\nfi\n# This output is used by Xcode 'outputs' to avoid re-running this script phase.\necho \"SUCCESS\" > \"${SCRIPT_OUTPUT_FILE_0}\"\n";
			showEnvVarsInLog = 0;
		};
		632A6D78B90F08B4E44DF0FF /* [CP] Embed Pods Frameworks */ = {
			isa = PBXShellScriptBuildPhase;
			buildActionMask = 2147483647;
			files = (
			);
			inputFileListPaths = (
				"${PODS_ROOT}/Target Support Files/Pods-ranchat/Pods-ranchat-frameworks-${CONFIGURATION}-input-files.xcfilelist",
			);
			name = "[CP] Embed Pods Frameworks";
			outputFileListPaths = (
				"${PODS_ROOT}/Target Support Files/Pods-ranchat/Pods-ranchat-frameworks-${CONFIGURATION}-output-files.xcfilelist",
			);
			runOnlyForDeploymentPostprocessing = 0;
			shellPath = /bin/sh;
			shellScript = "\"${PODS_ROOT}/Target Support Files/Pods-ranchat/Pods-ranchat-frameworks.sh\"\n";
			showEnvVarsInLog = 0;
		};
/* End PBXShellScriptBuildPhase section */

/* Begin PBXSourcesBuildPhase section */
		499584A52C8DEBDB00A77646 /* Sources */ = {
			isa = PBXSourcesBuildPhase;
			buildActionMask = 2147483647;
			files = (
				492B641C2CB3B34B000CB1A3 /* ranchatApp.swift in Sources */,
				492B641A2CB3B34B000CB1A3 /* ContentView.swift in Sources */,
				A20000000000000000000001 /* User.swift in Sources */,
				A20000000000000000000002 /* Room.swift in Sources */,
				A20000000000000000000003 /* RoomDetail.swift in Sources */,
				A20000000000000000000004 /* Message.swift in Sources */,
				A20000000000000000000005 /* RoomPage.swift in Sources */,
				A20000000000000000000006 /* MessagePage.swift in Sources */,
				A20000000000000000000007 /* NicknameError.swift in Sources */,
				A2000000000000000000000R /* RoomType.swift in Sources */,
				A2000000000000000000000S /* MessageType.swift in Sources */,
				A20000000000000000000008 /* UserRepository.swift in Sources */,
				A20000000000000000000009 /* RoomRepository.swift in Sources */,
				A2000000000000000000000A /* ChatRepository.swift in Sources */,
				A2000000000000000000000B /* NotificationRepository.swift in Sources */,
				A2000000000000000000000C /* WebSocketService.swift in Sources */,
				A2000000000000000000000D /* CreateUserUseCase.swift in Sources */,
				A2000000000000000000000E /* GetUserUseCase.swift in Sources */,
				A2000000000000000000000F /* UpdateUserNameUseCase.swift in Sources */,
				A20000000000000000000010 /* ValidateNicknameUseCase.swift in Sources */,
				A20000000000000000000011 /* CheckRoomExistUseCase.swift in Sources */,
				A20000000000000000000012 /* CreateRoomUseCase.swift in Sources */,
				A20000000000000000000013 /* GetRoomsUseCase.swift in Sources */,
				A20000000000000000000014 /* GetRoomDetailUseCase.swift in Sources */,
				A20000000000000000000015 /* GetMessagesUseCase.swift in Sources */,
				A20000000000000000000016 /* ReportUserUseCase.swift in Sources */,
				A20000000000000000000017 /* CreateNotificationUseCase.swift in Sources */,
				A20000000000000000000018 /* UpdateNotificationUseCase.swift in Sources */,
				A40000000000000000000001 /* NetworkError.swift in Sources */,
				A2000000000000000000000T /* APIEndpoint.swift in Sources */,
				A40000000000000000000002 /* ApiResponseDTO.swift in Sources */,
				A40000000000000000000003 /* UserDTO.swift in Sources */,
				A40000000000000000000004 /* RoomDTO.swift in Sources */,
				A40000000000000000000005 /* RoomDetailDTO.swift in Sources */,
				A40000000000000000000006 /* MessageDTO.swift in Sources */,
				A40000000000000000000007 /* RoomPageDTO.swift in Sources */,
				A40000000000000000000008 /* MessagePageDTO.swift in Sources */,
				A40000000000000000000009 /* NetworkClient.swift in Sources */,
				A4000000000000000000000A /* DefaultUserRepository.swift in Sources */,
				A4000000000000000000000B /* DefaultRoomRepository.swift in Sources */,
				A4000000000000000000000C /* DefaultChatRepository.swift in Sources */,
				A4000000000000000000000D /* DefaultNotificationRepository.swift in Sources */,
				A4000000000000000000000E /* SearchKeyword.swift in Sources */,
				A60000000000000000000001 /* WebSocketHelper.swift in Sources */,
				A60000000000000000000002 /* KeychainHelper.swift in Sources */,
				A60000000000000000000003 /* DefaultData.swift in Sources */,
				A60000000000000000000004 /* NetworkMonitor.swift in Sources */,
				A60000000000000000000005 /* IdHelper.swift in Sources */,
				A60000000000000000000006 /* Logger.swift in Sources */,
				A80000000000000000000001 /* HomeView.swift in Sources */,
				A80000000000000000000002 /* HomeViewModel.swift in Sources */,
				A80000000000000000000003 /* MainButtonView.swift in Sources */,
				A80000000000000000000004 /* MatchingLoadingView.swift in Sources */,
				A80000000000000000000005 /* ChattingView.swift in Sources */,
				A80000000000000000000006 /* ChattingViewModel.swift in Sources */,
				A80000000000000000000007 /* ChatInputView.swift in Sources */,
				A80000000000000000000008 /* ChatElementView.swift in Sources */,
				A80000000000000000000009 /* ChatScrollView.swift in Sources */,
				A8000000000000000000000A /* ReportDialogView.swift in Sources */,
				A8000000000000000000000B /* ExitDialogView.swift in Sources */,
				A8000000000000000000000C /* RoomListView.swift in Sources */,
				A8000000000000000000000D /* RoomListViewModel.swift in Sources */,
				A8000000000000000000000E /* RoomItemView.swift in Sources */,
				A8000000000000000000000F /* EmptyRoomListView.swift in Sources */,
				A80000000000000000000010 /* ExitRoomDialogView.swift in Sources */,
				A80000000000000000000011 /* SettingView.swift in Sources */,
				A80000000000000000000012 /* SettingViewModel.swift in Sources */,
				A80000000000000000000013 /* SettingToggleView.swift in Sources */,
				A80000000000000000000014 /* SettingNickNameTextFieldView.swift in Sources */,
				A80000000000000000000015 /* SettingBodyView.swift in Sources */,
				A80000000000000000000016 /* DosStyleTextField.swift in Sources */,
				A80000000000000000000017 /* CenterLoadingView.swift in Sources */,
				A80000000000000000000018 /* ToolbarButton.swift in Sources */,
				A80000000000000000000019 /* RoomItemViewButtonStyle.swift in Sources */,
				A8000000000000000000001A /* DialogViewModifier.swift in Sources */,
				A8000000000000000000001B /* Font+DungGeunMo.swift in Sources */,
				A8000000000000000000001C /* UINavigationController+.swift in Sources */,
			);
			runOnlyForDeploymentPostprocessing = 0;
		};
		BB500001000000000000001 /* Sources */ = {
			isa = PBXSourcesBuildPhase;
			buildActionMask = 2147483647;
			files = (
				BB010001000000000000002 /* ranchatTests.swift in Sources */,
				BB020001000000000000002 /* HomeViewModelTests.swift in Sources */,
				BB030001000000000000002 /* SettingViewModelTests.swift in Sources */,
				BB040001000000000000002 /* RoomListViewModelTests.swift in Sources */,
				BB050001000000000000002 /* ValidateNicknameUseCaseTests.swift in Sources */,
				BB050001000000000000002 /* MockUserRepository.swift in Sources */,
				BB060001000000000000002 /* MockRoomRepository.swift in Sources */,
				BB070001000000000000002 /* MockChatRepository.swift in Sources */,
				B20000000000000000000001 /* MockCheckRoomExistUseCase.swift in Sources */,
				B20000000000000000000002 /* MockCreateRoomUseCase.swift in Sources */,
				B20000000000000000000003 /* MockCreateUserUseCase.swift in Sources */,
				B20000000000000000000004 /* MockGetRoomsUseCase.swift in Sources */,
				B20000000000000000000005 /* MockGetUserUseCase.swift in Sources */,
				B20000000000000000000006 /* MockUpdateUserNameUseCase.swift in Sources */,
				B20000000000000000000007 /* MockValidateNicknameUseCase.swift in Sources */,
			);
			runOnlyForDeploymentPostprocessing = 0;
		};
/* End PBXSourcesBuildPhase section */

/* Begin PBXTargetDependency section */
		BB800001000000000000001 /* PBXTargetDependency */ = {
			isa = PBXTargetDependency;
			target = 499584A82C8DEBDB00A77646 /* ranchat */;
			targetProxy = BB900001000000000000001 /* PBXContainerItemProxy */;
		};
/* End PBXTargetDependency section */

/* Begin XCBuildConfiguration section */
		499584B72C8DEBDD00A77646 /* Debug */ = {
			isa = XCBuildConfiguration;
			buildSettings = {
				ALWAYS_SEARCH_USER_PATHS = NO;
				ASSETCATALOG_COMPILER_GENERATE_SWIFT_ASSET_SYMBOL_EXTENSIONS = YES;
				CLANG_ANALYZER_NONNULL = YES;
				CLANG_ANALYZER_NUMBER_OBJECT_CONVERSION = YES_AGGRESSIVE;
				CLANG_CXX_LANGUAGE_STANDARD = "gnu++20";
				CLANG_ENABLE_MODULES = YES;
				CLANG_ENABLE_OBJC_ARC = YES;
				CLANG_ENABLE_OBJC_WEAK = YES;
				CLANG_WARN_BLOCK_CAPTURE_AUTORELEASING = YES;
				CLANG_WARN_BOOL_CONVERSION = YES;
				CLANG_WARN_COMMA = YES;
				CLANG_WARN_CONSTANT_CONVERSION = YES;
				CLANG_WARN_DEPRECATED_OBJC_IMPLEMENTATIONS = YES;
				CLANG_WARN_DIRECT_OBJC_ISA_USAGE = YES_ERROR;
				CLANG_WARN_DOCUMENTATION_COMMENTS = YES;
				CLANG_WARN_EMPTY_BODY = YES;
				CLANG_WARN_ENUM_CONVERSION = YES;
				CLANG_WARN_INFINITE_RECURSION = YES;
				CLANG_WARN_INT_CONVERSION = YES;
				CLANG_WARN_NON_LITERAL_NULL_CONVERSION = YES;
				CLANG_WARN_OBJC_IMPLICIT_RETAIN_SELF = YES;
				CLANG_WARN_OBJC_LITERAL_CONVERSION = YES;
				CLANG_WARN_OBJC_ROOT_CLASS = YES_ERROR;
				CLANG_WARN_QUOTED_INCLUDE_IN_FRAMEWORK_HEADER = YES;
				CLANG_WARN_RANGE_LOOP_ANALYSIS = YES;
				CLANG_WARN_STRICT_PROTOTYPES = YES;
				CLANG_WARN_SUSPICIOUS_MOVE = YES;
				CLANG_WARN_UNGUARDED_AVAILABILITY = YES_AGGRESSIVE;
				CLANG_WARN_UNREACHABLE_CODE = YES;
				CLANG_WARN__DUPLICATE_METHOD_MATCH = YES;
				COPY_PHASE_STRIP = NO;
				DEBUG_INFORMATION_FORMAT = dwarf;
				DEVELOPMENT_TEAM = 697ACQDW6C;
				ENABLE_STRICT_OBJC_MSGSEND = YES;
				ENABLE_TESTABILITY = YES;
				ENABLE_USER_SCRIPT_SANDBOXING = NO;
				GCC_C_LANGUAGE_STANDARD = gnu17;
				GCC_DYNAMIC_NO_PIC = NO;
				GCC_NO_COMMON_BLOCKS = YES;
				GCC_OPTIMIZATION_LEVEL = 0;
				GCC_PREPROCESSOR_DEFINITIONS = (
					"DEBUG=1",
					"$(inherited)",
				);
				GCC_WARN_64_TO_32_BIT_CONVERSION = YES;
				GCC_WARN_ABOUT_RETURN_TYPE = YES_ERROR;
				GCC_WARN_UNDECLARED_SELECTOR = YES;
				GCC_WARN_UNINITIALIZED_AUTOS = YES_AGGRESSIVE;
				GCC_WARN_UNUSED_FUNCTION = YES;
				GCC_WARN_UNUSED_VARIABLE = YES;
				IPHONEOS_DEPLOYMENT_TARGET = 17.4;
				LOCALIZATION_PREFERS_STRING_CATALOGS = YES;
				MTL_ENABLE_DEBUG_INFO = INCLUDE_SOURCE;
				MTL_FAST_MATH = YES;
				ONLY_ACTIVE_ARCH = YES;
				SDKROOT = iphoneos;
				STRING_CATALOG_GENERATE_SYMBOLS = YES;
				SWIFT_ACTIVE_COMPILATION_CONDITIONS = "DEBUG $(inherited)";
				SWIFT_OPTIMIZATION_LEVEL = "-Onone";
			};
			name = Debug;
		};
		499584B82C8DEBDD00A77646 /* Release */ = {
			isa = XCBuildConfiguration;
			buildSettings = {
				ALWAYS_SEARCH_USER_PATHS = NO;
				ASSETCATALOG_COMPILER_GENERATE_SWIFT_ASSET_SYMBOL_EXTENSIONS = YES;
				CLANG_ANALYZER_NONNULL = YES;
				CLANG_ANALYZER_NUMBER_OBJECT_CONVERSION = YES_AGGRESSIVE;
				CLANG_CXX_LANGUAGE_STANDARD = "gnu++20";
				CLANG_ENABLE_MODULES = YES;
				CLANG_ENABLE_OBJC_ARC = YES;
				CLANG_ENABLE_OBJC_WEAK = YES;
				CLANG_WARN_BLOCK_CAPTURE_AUTORELEASING = YES;
				CLANG_WARN_BOOL_CONVERSION = YES;
				CLANG_WARN_COMMA = YES;
				CLANG_WARN_CONSTANT_CONVERSION = YES;
				CLANG_WARN_DEPRECATED_OBJC_IMPLEMENTATIONS = YES;
				CLANG_WARN_DIRECT_OBJC_ISA_USAGE = YES_ERROR;
				CLANG_WARN_DOCUMENTATION_COMMENTS = YES;
				CLANG_WARN_EMPTY_BODY = YES;
				CLANG_WARN_ENUM_CONVERSION = YES;
				CLANG_WARN_INFINITE_RECURSION = YES;
				CLANG_WARN_INT_CONVERSION = YES;
				CLANG_WARN_NON_LITERAL_NULL_CONVERSION = YES;
				CLANG_WARN_OBJC_IMPLICIT_RETAIN_SELF = YES;
				CLANG_WARN_OBJC_LITERAL_CONVERSION = YES;
				CLANG_WARN_OBJC_ROOT_CLASS = YES_ERROR;
				CLANG_WARN_QUOTED_INCLUDE_IN_FRAMEWORK_HEADER = YES;
				CLANG_WARN_RANGE_LOOP_ANALYSIS = YES;
				CLANG_WARN_STRICT_PROTOTYPES = YES;
				CLANG_WARN_SUSPICIOUS_MOVE = YES;
				CLANG_WARN_UNGUARDED_AVAILABILITY = YES_AGGRESSIVE;
				CLANG_WARN_UNREACHABLE_CODE = YES;
				CLANG_WARN__DUPLICATE_METHOD_MATCH = YES;
				COPY_PHASE_STRIP = NO;
				DEBUG_INFORMATION_FORMAT = "dwarf-with-dsym";
				DEVELOPMENT_TEAM = 697ACQDW6C;
				ENABLE_NS_ASSERTIONS = NO;
				ENABLE_STRICT_OBJC_MSGSEND = YES;
				ENABLE_USER_SCRIPT_SANDBOXING = NO;
				GCC_C_LANGUAGE_STANDARD = gnu17;
				GCC_NO_COMMON_BLOCKS = YES;
				GCC_WARN_64_TO_32_BIT_CONVERSION = YES;
				GCC_WARN_ABOUT_RETURN_TYPE = YES_ERROR;
				GCC_WARN_UNDECLARED_SELECTOR = YES;
				GCC_WARN_UNINITIALIZED_AUTOS = YES_AGGRESSIVE;
				GCC_WARN_UNUSED_FUNCTION = YES;
				GCC_WARN_UNUSED_VARIABLE = YES;
				IPHONEOS_DEPLOYMENT_TARGET = 17.4;
				LOCALIZATION_PREFERS_STRING_CATALOGS = YES;
				MTL_ENABLE_DEBUG_INFO = NO;
				MTL_FAST_MATH = YES;
				SDKROOT = iphoneos;
				STRING_CATALOG_GENERATE_SYMBOLS = YES;
				SWIFT_COMPILATION_MODE = wholemodule;
				VALIDATE_PRODUCT = YES;
			};
			name = Release;
		};
		499584BA2C8DEBDD00A77646 /* Debug */ = {
			isa = XCBuildConfiguration;
			baseConfigurationReference = 6EBB5E4C9F83FF48F921F323 /* Pods-ranchat.debug.xcconfig */;
			buildSettings = {
				ASSETCATALOG_COMPILER_APPICON_NAME = AppIcon;
				ASSETCATALOG_COMPILER_GLOBAL_ACCENT_COLOR_NAME = AccentColor;
				ASSETCATALOG_COMPILER_INCLUDE_ALL_APPICON_ASSETS = NO;
				CODE_SIGN_ENTITLEMENTS = ranchat/ranchat.entitlements;
				CODE_SIGN_IDENTITY = "Apple Development";
				CODE_SIGN_STYLE = Automatic;
				CURRENT_PROJECT_VERSION = 4;
				DEVELOPMENT_ASSET_PATHS = "\"ranchat/Preview Content\"";
				ENABLE_PREVIEWS = YES;
				GENERATE_INFOPLIST_FILE = YES;
				INFOPLIST_FILE = ranchat/Info.plist;
				INFOPLIST_KEY_CFBundleDisplayName = "Ran-Talk";
				INFOPLIST_KEY_UIApplicationSceneManifest_Generation = YES;
				INFOPLIST_KEY_UIApplicationSupportsIndirectInputEvents = YES;
				INFOPLIST_KEY_UILaunchScreen_Generation = YES;
				INFOPLIST_KEY_UILaunchStoryboardName = LaunchScreen.storyboard;
				INFOPLIST_KEY_UISupportedInterfaceOrientations_iPad = "UIInterfaceOrientationPortrait UIInterfaceOrientationPortraitUpsideDown UIInterfaceOrientationLandscapeLeft UIInterfaceOrientationLandscapeRight";
				INFOPLIST_KEY_UISupportedInterfaceOrientations_iPhone = "UIInterfaceOrientationPortrait UIInterfaceOrientationLandscapeLeft UIInterfaceOrientationLandscapeRight";
				IPHONEOS_DEPLOYMENT_TARGET = 17.4;
				LD_RUNPATH_SEARCH_PATHS = (
					"$(inherited)",
					"@executable_path/Frameworks",
				);
				MARKETING_VERSION = 1.0;
				PRODUCT_BUNDLE_IDENTIFIER = com.kihyeon.rantalk;
				PRODUCT_NAME = "$(TARGET_NAME)";
				PROVISIONING_PROFILE_SPECIFIER = "";
				SUPPORTED_PLATFORMS = "iphoneos iphonesimulator";
				SUPPORTS_MACCATALYST = NO;
				SUPPORTS_MAC_DESIGNED_FOR_IPHONE_IPAD = NO;
				SUPPORTS_XR_DESIGNED_FOR_IPHONE_IPAD = NO;
				SWIFT_EMIT_LOC_STRINGS = YES;
				SWIFT_VERSION = 5.0;
				TARGETED_DEVICE_FAMILY = 1;
			};
			name = Debug;
		};
		499584BB2C8DEBDD00A77646 /* Release */ = {
			isa = XCBuildConfiguration;
			baseConfigurationReference = B031065110250D7527CFA8C9 /* Pods-ranchat.release.xcconfig */;
			buildSettings = {
				ASSETCATALOG_COMPILER_APPICON_NAME = AppIcon;
				ASSETCATALOG_COMPILER_GLOBAL_ACCENT_COLOR_NAME = AccentColor;
				ASSETCATALOG_COMPILER_INCLUDE_ALL_APPICON_ASSETS = NO;
				CODE_SIGN_ENTITLEMENTS = ranchat/ranchat.entitlements;
				CODE_SIGN_IDENTITY = "Apple Development";
				CODE_SIGN_STYLE = Automatic;
				CURRENT_PROJECT_VERSION = 4;
				DEVELOPMENT_ASSET_PATHS = "\"ranchat/Preview Content\"";
				ENABLE_PREVIEWS = YES;
				GENERATE_INFOPLIST_FILE = YES;
				INFOPLIST_FILE = ranchat/Info.plist;
				INFOPLIST_KEY_CFBundleDisplayName = "Ran-Talk";
				INFOPLIST_KEY_UIApplicationSceneManifest_Generation = YES;
				INFOPLIST_KEY_UIApplicationSupportsIndirectInputEvents = YES;
				INFOPLIST_KEY_UILaunchScreen_Generation = YES;
				INFOPLIST_KEY_UILaunchStoryboardName = LaunchScreen.storyboard;
				INFOPLIST_KEY_UISupportedInterfaceOrientations_iPad = "UIInterfaceOrientationPortrait UIInterfaceOrientationPortraitUpsideDown UIInterfaceOrientationLandscapeLeft UIInterfaceOrientationLandscapeRight";
				INFOPLIST_KEY_UISupportedInterfaceOrientations_iPhone = "UIInterfaceOrientationPortrait UIInterfaceOrientationLandscapeLeft UIInterfaceOrientationLandscapeRight";
				IPHONEOS_DEPLOYMENT_TARGET = 17.4;
				LD_RUNPATH_SEARCH_PATHS = (
					"$(inherited)",
					"@executable_path/Frameworks",
				);
				MARKETING_VERSION = 1.0;
				PRODUCT_BUNDLE_IDENTIFIER = com.kihyeon.rantalk;
				PRODUCT_NAME = "$(TARGET_NAME)";
				PROVISIONING_PROFILE_SPECIFIER = "";
				SUPPORTED_PLATFORMS = "iphoneos iphonesimulator";
				SUPPORTS_MACCATALYST = NO;
				SUPPORTS_MAC_DESIGNED_FOR_IPHONE_IPAD = NO;
				SUPPORTS_XR_DESIGNED_FOR_IPHONE_IPAD = NO;
				SWIFT_EMIT_LOC_STRINGS = YES;
				SWIFT_VERSION = 5.0;
				TARGETED_DEVICE_FAMILY = 1;
			};
			name = Release;
		};
		BB300001000000000000001 /* Debug */ = {
			isa = XCBuildConfiguration;
			baseConfigurationReference = E83E75C74D523359A5F76593 /* Pods-ranchatTests.debug.xcconfig */;
			buildSettings = {
				BUNDLE_LOADER = "$(TEST_HOST)";
				CODE_SIGN_STYLE = Automatic;
				GENERATE_INFOPLIST_FILE = YES;
				IPHONEOS_DEPLOYMENT_TARGET = 17.4;
				LD_RUNPATH_SEARCH_PATHS = (
					"$(inherited)",
					"@executable_path/Frameworks",
					"@loader_path/Frameworks",
				);
				PRODUCT_BUNDLE_IDENTIFIER = com.kihyeon.rantalk.Tests;
				PRODUCT_NAME = "$(TARGET_NAME)";
				SUPPORTED_PLATFORMS = "iphoneos iphonesimulator";
				SUPPORTS_MACCATALYST = NO;
				SWIFT_ACTIVE_COMPILATION_CONDITIONS = "DEBUG $(inherited)";
				SWIFT_VERSION = 5.0;
				TARGETED_DEVICE_FAMILY = 1;
				TEST_HOST = "$(BUILT_PRODUCTS_DIR)/ranchat.app/$(BUNDLE_EXECUTABLE_FOLDER_PATH)/ranchat";
			};
			name = Debug;
		};
		BB400001000000000000001 /* Release */ = {
			isa = XCBuildConfiguration;
			baseConfigurationReference = 81AC868808AEC9D0B0A005C2 /* Pods-ranchatTests.release.xcconfig */;
			buildSettings = {
				BUNDLE_LOADER = "$(TEST_HOST)";
				CODE_SIGN_STYLE = Automatic;
				GENERATE_INFOPLIST_FILE = YES;
				IPHONEOS_DEPLOYMENT_TARGET = 17.4;
				LD_RUNPATH_SEARCH_PATHS = (
					"$(inherited)",
					"@executable_path/Frameworks",
					"@loader_path/Frameworks",
				);
				PRODUCT_BUNDLE_IDENTIFIER = com.kihyeon.rantalk.Tests;
				PRODUCT_NAME = "$(TARGET_NAME)";
				SUPPORTED_PLATFORMS = "iphoneos iphonesimulator";
				SUPPORTS_MACCATALYST = NO;
				SWIFT_VERSION = 5.0;
				TARGETED_DEVICE_FAMILY = 1;
				TEST_HOST = "$(BUILT_PRODUCTS_DIR)/ranchat.app/$(BUNDLE_EXECUTABLE_FOLDER_PATH)/ranchat";
			};
			name = Release;
		};
/* End XCBuildConfiguration section */

/* Begin XCConfigurationList section */
		499584A42C8DEBDB00A77646 /* Build configuration list for PBXProject "ranchat" */ = {
			isa = XCConfigurationList;
			buildConfigurations = (
				499584B72C8DEBDD00A77646 /* Debug */,
				499584B82C8DEBDD00A77646 /* Release */,
			);
			defaultConfigurationIsVisible = 0;
			defaultConfigurationName = Release;
		};
		499584B92C8DEBDD00A77646 /* Build configuration list for PBXNativeTarget "ranchat" */ = {
			isa = XCConfigurationList;
			buildConfigurations = (
				499584BA2C8DEBDD00A77646 /* Debug */,
				499584BB2C8DEBDD00A77646 /* Release */,
			);
			defaultConfigurationIsVisible = 0;
			defaultConfigurationName = Release;
		};
		BB200001000000000000001 /* Build configuration list for PBXNativeTarget "ranchatTests" */ = {
			isa = XCConfigurationList;
			buildConfigurations = (
				BB300001000000000000001 /* Debug */,
				BB400001000000000000001 /* Release */,
			);
			defaultConfigurationIsVisible = 0;
			defaultConfigurationName = Release;
		};
/* End XCConfigurationList section */

/* Begin XCRemoteSwiftPackageReference section */
		492BBB5E2CB5086600C027C6 /* XCRemoteSwiftPackageReference "UUIDV7" */ = {
			isa = XCRemoteSwiftPackageReference;
			repositoryURL = "https://github.com/nthState/UUIDV7";
			requirement = {
				branch = main;
				kind = branch;
			};
		};
		49A6EC5E2CD8886400E397F3 /* XCRemoteSwiftPackageReference "firebase-ios-sdk" */ = {
			isa = XCRemoteSwiftPackageReference;
			repositoryURL = "https://github.com/firebase/firebase-ios-sdk";
			requirement = {
				kind = upToNextMajorVersion;
				minimumVersion = 11.4.0;
			};
		};
/* End XCRemoteSwiftPackageReference section */

/* Begin XCSwiftPackageProductDependency section */
		492BBB5F2CB5086600C027C6 /* UUIDV7 */ = {
			isa = XCSwiftPackageProductDependency;
			package = 492BBB5E2CB5086600C027C6 /* XCRemoteSwiftPackageReference "UUIDV7" */;
			productName = UUIDV7;
		};
		49A6EC5F2CD8886400E397F3 /* FirebaseAnalytics */ = {
			isa = XCSwiftPackageProductDependency;
			package = 49A6EC5E2CD8886400E397F3 /* XCRemoteSwiftPackageReference "firebase-ios-sdk" */;
			productName = FirebaseAnalytics;
		};
		49A6EC612CD8886400E397F3 /* FirebaseMessaging */ = {
			isa = XCSwiftPackageProductDependency;
			package = 49A6EC5E2CD8886400E397F3 /* XCRemoteSwiftPackageReference "firebase-ios-sdk" */;
			productName = FirebaseMessaging;
		};
/* End XCSwiftPackageProductDependency section */
	};
	rootObject = 499584A12C8DEBDB00A77646 /* Project object */;
}
