// !$*UTF8*$!
{
	archiveVersion = 1;
	classes = {
	};
	objectVersion = 56;
	objects = {

/* Begin PBXBuildFile section */
		491E75822C9571EE00234650 /* ApiHelper.swift in Sources */ = {isa = PBXBuildFile; fileRef = 491E75812C9571EE00234650 /* ApiHelper.swift */; };
		491E75862C95728600234650 /* Alamofire in Frameworks */ = {isa = PBXBuildFile; productRef = 491E75852C95728600234650 /* Alamofire */; };
		491E75882C95728600234650 /* AlamofireDynamic in Frameworks */ = {isa = PBXBuildFile; productRef = 491E75872C95728600234650 /* AlamofireDynamic */; };
		491E758A2C95732B00234650 /* DefaultData.swift in Sources */ = {isa = PBXBuildFile; fileRef = 491E75892C95732B00234650 /* DefaultData.swift */; };
		491E758C2C95769400234650 /* RoomService.swift in Sources */ = {isa = PBXBuildFile; fileRef = 491E758B2C95769300234650 /* RoomService.swift */; };
		491E75CA2CA7E2EF00234650 /* DefaultResponse.swift in Sources */ = {isa = PBXBuildFile; fileRef = 491E75C92CA7E2EF00234650 /* DefaultResponse.swift */; };
		491E75CC2CA7E56D00234650 /* RoomData.swift in Sources */ = {isa = PBXBuildFile; fileRef = 491E75CB2CA7E56D00234650 /* RoomData.swift */; };
		491E75CF2CA7E86B00234650 /* RoomDataList.swift in Sources */ = {isa = PBXBuildFile; fileRef = 491E75CE2CA7E86B00234650 /* RoomDataList.swift */; };
		499584AD2C8DEBDB00A77646 /* ranchatApp.swift in Sources */ = {isa = PBXBuildFile; fileRef = 499584AC2C8DEBDB00A77646 /* ranchatApp.swift */; };
		499584AF2C8DEBDB00A77646 /* ContentView.swift in Sources */ = {isa = PBXBuildFile; fileRef = 499584AE2C8DEBDB00A77646 /* ContentView.swift */; };
		499584B12C8DEBDB00A77646 /* Item.swift in Sources */ = {isa = PBXBuildFile; fileRef = 499584B02C8DEBDB00A77646 /* Item.swift */; };
		499584B32C8DEBDD00A77646 /* Assets.xcassets in Resources */ = {isa = PBXBuildFile; fileRef = 499584B22C8DEBDC00A77646 /* Assets.xcassets */; };
		499584B62C8DEBDD00A77646 /* Preview Assets.xcassets in Resources */ = {isa = PBXBuildFile; fileRef = 499584B52C8DEBDD00A77646 /* Preview Assets.xcassets */; };
		499584BF2C8DF1C000A77646 /* DungGeunMo.ttf in Resources */ = {isa = PBXBuildFile; fileRef = 499584BE2C8DF1C000A77646 /* DungGeunMo.ttf */; };
		499584C12C8DF29C00A77646 /* Font+DungGeunMo.swift in Sources */ = {isa = PBXBuildFile; fileRef = 499584C02C8DF29C00A77646 /* Font+DungGeunMo.swift */; };
		499584C42C8DF57F00A77646 /* MainButtonView.swift in Sources */ = {isa = PBXBuildFile; fileRef = 499584C32C8DF57F00A77646 /* MainButtonView.swift */; };
		499584C72C8DF9AF00A77646 /* HomeView.swift in Sources */ = {isa = PBXBuildFile; fileRef = 499584C62C8DF9AF00A77646 /* HomeView.swift */; };
		499584CA2C8DFA5300A77646 /* HomeViewModel.swift in Sources */ = {isa = PBXBuildFile; fileRef = 499584C92C8DFA5300A77646 /* HomeViewModel.swift */; };
		499584CC2C8DFACF00A77646 /* SettingView.swift in Sources */ = {isa = PBXBuildFile; fileRef = 499584CB2C8DFACF00A77646 /* SettingView.swift */; };
		499584CF2C8E012D00A77646 /* DosStyleTextField.swift in Sources */ = {isa = PBXBuildFile; fileRef = 499584CE2C8E012D00A77646 /* DosStyleTextField.swift */; };
/* End PBXBuildFile section */

/* Begin PBXFileReference section */
		491E75812C9571EE00234650 /* ApiHelper.swift */ = {isa = PBXFileReference; lastKnownFileType = sourcecode.swift; path = ApiHelper.swift; sourceTree = "<group>"; };
		491E75892C95732B00234650 /* DefaultData.swift */ = {isa = PBXFileReference; lastKnownFileType = sourcecode.swift; path = DefaultData.swift; sourceTree = "<group>"; };
		491E758B2C95769300234650 /* RoomService.swift */ = {isa = PBXFileReference; lastKnownFileType = sourcecode.swift; path = RoomService.swift; sourceTree = "<group>"; };
		491E75C92CA7E2EF00234650 /* DefaultResponse.swift */ = {isa = PBXFileReference; lastKnownFileType = sourcecode.swift; path = DefaultResponse.swift; sourceTree = "<group>"; };
		491E75CB2CA7E56D00234650 /* RoomData.swift */ = {isa = PBXFileReference; lastKnownFileType = sourcecode.swift; path = RoomData.swift; sourceTree = "<group>"; };
		491E75CE2CA7E86B00234650 /* RoomDataList.swift */ = {isa = PBXFileReference; lastKnownFileType = sourcecode.swift; path = RoomDataList.swift; sourceTree = "<group>"; };
		499584A92C8DEBDB00A77646 /* ranchat.app */ = {isa = PBXFileReference; explicitFileType = wrapper.application; includeInIndex = 0; path = ranchat.app; sourceTree = BUILT_PRODUCTS_DIR; };
		499584AC2C8DEBDB00A77646 /* ranchatApp.swift */ = {isa = PBXFileReference; lastKnownFileType = sourcecode.swift; path = ranchatApp.swift; sourceTree = "<group>"; };
		499584AE2C8DEBDB00A77646 /* ContentView.swift */ = {isa = PBXFileReference; lastKnownFileType = sourcecode.swift; path = ContentView.swift; sourceTree = "<group>"; };
		499584B02C8DEBDB00A77646 /* Item.swift */ = {isa = PBXFileReference; lastKnownFileType = sourcecode.swift; path = Item.swift; sourceTree = "<group>"; };
		499584B22C8DEBDC00A77646 /* Assets.xcassets */ = {isa = PBXFileReference; lastKnownFileType = folder.assetcatalog; path = Assets.xcassets; sourceTree = "<group>"; };
		499584B52C8DEBDD00A77646 /* Preview Assets.xcassets */ = {isa = PBXFileReference; lastKnownFileType = folder.assetcatalog; path = "Preview Assets.xcassets"; sourceTree = "<group>"; };
		499584BD2C8DF03A00A77646 /* Info.plist */ = {isa = PBXFileReference; lastKnownFileType = text.plist; path = Info.plist; sourceTree = "<group>"; };
		499584BE2C8DF1C000A77646 /* DungGeunMo.ttf */ = {isa = PBXFileReference; lastKnownFileType = file; path = DungGeunMo.ttf; sourceTree = "<group>"; };
		499584C02C8DF29C00A77646 /* Font+DungGeunMo.swift */ = {isa = PBXFileReference; lastKnownFileType = sourcecode.swift; path = "Font+DungGeunMo.swift"; sourceTree = "<group>"; };
		499584C32C8DF57F00A77646 /* MainButtonView.swift */ = {isa = PBXFileReference; lastKnownFileType = sourcecode.swift; path = MainButtonView.swift; sourceTree = "<group>"; };
		499584C62C8DF9AF00A77646 /* HomeView.swift */ = {isa = PBXFileReference; lastKnownFileType = sourcecode.swift; path = HomeView.swift; sourceTree = "<group>"; };
		499584C92C8DFA5300A77646 /* HomeViewModel.swift */ = {isa = PBXFileReference; lastKnownFileType = sourcecode.swift; path = HomeViewModel.swift; sourceTree = "<group>"; };
		499584CB2C8DFACF00A77646 /* SettingView.swift */ = {isa = PBXFileReference; lastKnownFileType = sourcecode.swift; path = SettingView.swift; sourceTree = "<group>"; };
		499584CE2C8E012D00A77646 /* DosStyleTextField.swift */ = {isa = PBXFileReference; lastKnownFileType = sourcecode.swift; path = DosStyleTextField.swift; sourceTree = "<group>"; };
/* End PBXFileReference section */

/* Begin PBXFrameworksBuildPhase section */
		499584A62C8DEBDB00A77646 /* Frameworks */ = {
			isa = PBXFrameworksBuildPhase;
			buildActionMask = 2147483647;
			files = (
				491E75862C95728600234650 /* Alamofire in Frameworks */,
				491E75882C95728600234650 /* AlamofireDynamic in Frameworks */,
			);
			runOnlyForDeploymentPostprocessing = 0;
		};
/* End PBXFrameworksBuildPhase section */

/* Begin PBXGroup section */
		491E75832C9571F100234650 /* Helper */ = {
			isa = PBXGroup;
			children = (
				491E75812C9571EE00234650 /* ApiHelper.swift */,
				491E75892C95732B00234650 /* DefaultData.swift */,
			);
			path = Helper;
			sourceTree = "<group>";
		};
		491E75CD2CA7E85A00234650 /* Model */ = {
			isa = PBXGroup;
			children = (
				491E75C92CA7E2EF00234650 /* DefaultResponse.swift */,
				491E75CB2CA7E56D00234650 /* RoomData.swift */,
				491E75CE2CA7E86B00234650 /* RoomDataList.swift */,
			);
			path = Model;
			sourceTree = "<group>";
		};
		499584A02C8DEBDB00A77646 = {
			isa = PBXGroup;
			children = (
				499584AB2C8DEBDB00A77646 /* ranchat */,
				499584AA2C8DEBDB00A77646 /* Products */,
			);
			sourceTree = "<group>";
		};
		499584AA2C8DEBDB00A77646 /* Products */ = {
			isa = PBXGroup;
			children = (
				499584A92C8DEBDB00A77646 /* ranchat.app */,
			);
			name = Products;
			sourceTree = "<group>";
		};
		499584AB2C8DEBDB00A77646 /* ranchat */ = {
			isa = PBXGroup;
			children = (
				499584BE2C8DF1C000A77646 /* DungGeunMo.ttf */,
				499584BD2C8DF03A00A77646 /* Info.plist */,
				499584AC2C8DEBDB00A77646 /* ranchatApp.swift */,
				499584AE2C8DEBDB00A77646 /* ContentView.swift */,
				499584B02C8DEBDB00A77646 /* Item.swift */,
				491E75CD2CA7E85A00234650 /* Model */,
				499584C52C8DF58200A77646 /* Common */,
				499584C22C8DF2A000A77646 /* Extension */,
				499584C82C8DF9B400A77646 /* Home */,
				499584CD2C8DFAD300A77646 /* Setting */,
				491E75832C9571F100234650 /* Helper */,
				499584B22C8DEBDC00A77646 /* Assets.xcassets */,
				499584B42C8DEBDD00A77646 /* Preview Content */,
				491E758B2C95769300234650 /* RoomService.swift */,
			);
			path = ranchat;
			sourceTree = "<group>";
		};
		499584B42C8DEBDD00A77646 /* Preview Content */ = {
			isa = PBXGroup;
			children = (
				499584B52C8DEBDD00A77646 /* Preview Assets.xcassets */,
			);
			path = "Preview Content";
			sourceTree = "<group>";
		};
		499584C22C8DF2A000A77646 /* Extension */ = {
			isa = PBXGroup;
			children = (
				499584C02C8DF29C00A77646 /* Font+DungGeunMo.swift */,
			);
			path = Extension;
			sourceTree = "<group>";
		};
		499584C52C8DF58200A77646 /* Common */ = {
			isa = PBXGroup;
			children = (
				499584C32C8DF57F00A77646 /* MainButtonView.swift */,
				499584CE2C8E012D00A77646 /* DosStyleTextField.swift */,
			);
			path = Common;
			sourceTree = "<group>";
		};
		499584C82C8DF9B400A77646 /* Home */ = {
			isa = PBXGroup;
			children = (
				499584C62C8DF9AF00A77646 /* HomeView.swift */,
				499584C92C8DFA5300A77646 /* HomeViewModel.swift */,
			);
			path = Home;
			sourceTree = "<group>";
		};
		499584CD2C8DFAD300A77646 /* Setting */ = {
			isa = PBXGroup;
			children = (
				499584CB2C8DFACF00A77646 /* SettingView.swift */,
			);
			path = Setting;
			sourceTree = "<group>";
		};
/* End PBXGroup section */

/* Begin PBXNativeTarget section */
		499584A82C8DEBDB00A77646 /* ranchat */ = {
			isa = PBXNativeTarget;
			buildConfigurationList = 499584B92C8DEBDD00A77646 /* Build configuration list for PBXNativeTarget "ranchat" */;
			buildPhases = (
				499584A52C8DEBDB00A77646 /* Sources */,
				499584A62C8DEBDB00A77646 /* Frameworks */,
				499584A72C8DEBDB00A77646 /* Resources */,
			);
			buildRules = (
			);
			dependencies = (
			);
			name = ranchat;
			packageProductDependencies = (
				491E75852C95728600234650 /* Alamofire */,
				491E75872C95728600234650 /* AlamofireDynamic */,
			);
			productName = ranchat;
			productReference = 499584A92C8DEBDB00A77646 /* ranchat.app */;
			productType = "com.apple.product-type.application";
		};
/* End PBXNativeTarget section */

/* Begin PBXProject section */
		499584A12C8DEBDB00A77646 /* Project object */ = {
			isa = PBXProject;
			attributes = {
				BuildIndependentTargetsInParallel = 1;
				LastSwiftUpdateCheck = 1530;
				LastUpgradeCheck = 1530;
				TargetAttributes = {
					499584A82C8DEBDB00A77646 = {
						CreatedOnToolsVersion = 15.3;
					};
				};
			};
			buildConfigurationList = 499584A42C8DEBDB00A77646 /* Build configuration list for PBXProject "ranchat" */;
			compatibilityVersion = "Xcode 14.0";
			developmentRegion = en;
			hasScannedForEncodings = 0;
			knownRegions = (
				en,
				Base,
			);
			mainGroup = 499584A02C8DEBDB00A77646;
			packageReferences = (
				491E75842C95728600234650 /* XCRemoteSwiftPackageReference "Alamofire" */,
			);
			productRefGroup = 499584AA2C8DEBDB00A77646 /* Products */;
			projectDirPath = "";
			projectRoot = "";
			targets = (
				499584A82C8DEBDB00A77646 /* ranchat */,
			);
		};
/* End PBXProject section */

/* Begin PBXResourcesBuildPhase section */
		499584A72C8DEBDB00A77646 /* Resources */ = {
			isa = PBXResourcesBuildPhase;
			buildActionMask = 2147483647;
			files = (
				499584B62C8DEBDD00A77646 /* Preview Assets.xcassets in Resources */,
				499584B32C8DEBDD00A77646 /* Assets.xcassets in Resources */,
				499584BF2C8DF1C000A77646 /* DungGeunMo.ttf in Resources */,
			);
			runOnlyForDeploymentPostprocessing = 0;
		};
/* End PBXResourcesBuildPhase section */

/* Begin PBXSourcesBuildPhase section */
		499584A52C8DEBDB00A77646 /* Sources */ = {
			isa = PBXSourcesBuildPhase;
			buildActionMask = 2147483647;
			files = (
				499584AF2C8DEBDB00A77646 /* ContentView.swift in Sources */,
				499584B12C8DEBDB00A77646 /* Item.swift in Sources */,
				491E758A2C95732B00234650 /* DefaultData.swift in Sources */,
				499584CF2C8E012D00A77646 /* DosStyleTextField.swift in Sources */,
				499584CA2C8DFA5300A77646 /* HomeViewModel.swift in Sources */,
				491E75822C9571EE00234650 /* ApiHelper.swift in Sources */,
				491E758C2C95769400234650 /* RoomService.swift in Sources */,
				491E75CF2CA7E86B00234650 /* RoomDataList.swift in Sources */,
				499584C42C8DF57F00A77646 /* MainButtonView.swift in Sources */,
				491E75CC2CA7E56D00234650 /* RoomData.swift in Sources */,
				499584C72C8DF9AF00A77646 /* HomeView.swift in Sources */,
				499584CC2C8DFACF00A77646 /* SettingView.swift in Sources */,
				499584AD2C8DEBDB00A77646 /* ranchatApp.swift in Sources */,
				499584C12C8DF29C00A77646 /* Font+DungGeunMo.swift in Sources */,
				491E75CA2CA7E2EF00234650 /* DefaultResponse.swift in Sources */,
			);
			runOnlyForDeploymentPostprocessing = 0;
		};
/* End PBXSourcesBuildPhase section */

/* Begin XCBuildConfiguration section */
		499584B72C8DEBDD00A77646 /* Debug */ = {
			isa = XCBuildConfiguration;
			buildSettings = {
				ALWAYS_SEARCH_USER_PATHS = NO;
				ASSETCATALOG_COMPILER_GENERATE_SWIFT_ASSET_SYMBOL_EXTENSIONS = YES;
				CLANG_ANALYZER_NONNULL = YES;
				CLANG_ANALYZER_NUMBER_OBJECT_CONVERSION = YES_AGGRESSIVE;
				CLANG_CXX_LANGUAGE_STANDARD = "gnu++20";
				CLANG_ENABLE_MODULES = YES;
				CLANG_ENABLE_OBJC_ARC = YES;
				CLANG_ENABLE_OBJC_WEAK = YES;
				CLANG_WARN_BLOCK_CAPTURE_AUTORELEASING = YES;
				CLANG_WARN_BOOL_CONVERSION = YES;
				CLANG_WARN_COMMA = YES;
				CLANG_WARN_CONSTANT_CONVERSION = YES;
				CLANG_WARN_DEPRECATED_OBJC_IMPLEMENTATIONS = YES;
				CLANG_WARN_DIRECT_OBJC_ISA_USAGE = YES_ERROR;
				CLANG_WARN_DOCUMENTATION_COMMENTS = YES;
				CLANG_WARN_EMPTY_BODY = YES;
				CLANG_WARN_ENUM_CONVERSION = YES;
				CLANG_WARN_INFINITE_RECURSION = YES;
				CLANG_WARN_INT_CONVERSION = YES;
				CLANG_WARN_NON_LITERAL_NULL_CONVERSION = YES;
				CLANG_WARN_OBJC_IMPLICIT_RETAIN_SELF = YES;
				CLANG_WARN_OBJC_LITERAL_CONVERSION = YES;
				CLANG_WARN_OBJC_ROOT_CLASS = YES_ERROR;
				CLANG_WARN_QUOTED_INCLUDE_IN_FRAMEWORK_HEADER = YES;
				CLANG_WARN_RANGE_LOOP_ANALYSIS = YES;
				CLANG_WARN_STRICT_PROTOTYPES = YES;
				CLANG_WARN_SUSPICIOUS_MOVE = YES;
				CLANG_WARN_UNGUARDED_AVAILABILITY = YES_AGGRESSIVE;
				CLANG_WARN_UNREACHABLE_CODE = YES;
				CLANG_WARN__DUPLICATE_METHOD_MATCH = YES;
				COPY_PHASE_STRIP = NO;
				DEBUG_INFORMATION_FORMAT = dwarf;
				ENABLE_STRICT_OBJC_MSGSEND = YES;
				ENABLE_TESTABILITY = YES;
				ENABLE_USER_SCRIPT_SANDBOXING = YES;
				GCC_C_LANGUAGE_STANDARD = gnu17;
				GCC_DYNAMIC_NO_PIC = NO;
				GCC_NO_COMMON_BLOCKS = YES;
				GCC_OPTIMIZATION_LEVEL = 0;
				GCC_PREPROCESSOR_DEFINITIONS = (
					"DEBUG=1",
					"$(inherited)",
				);
				GCC_WARN_64_TO_32_BIT_CONVERSION = YES;
				GCC_WARN_ABOUT_RETURN_TYPE = YES_ERROR;
				GCC_WARN_UNDECLARED_SELECTOR = YES;
				GCC_WARN_UNINITIALIZED_AUTOS = YES_AGGRESSIVE;
				GCC_WARN_UNUSED_FUNCTION = YES;
				GCC_WARN_UNUSED_VARIABLE = YES;
				IPHONEOS_DEPLOYMENT_TARGET = 17.4;
				LOCALIZATION_PREFERS_STRING_CATALOGS = YES;
				MTL_ENABLE_DEBUG_INFO = INCLUDE_SOURCE;
				MTL_FAST_MATH = YES;
				ONLY_ACTIVE_ARCH = YES;
				SDKROOT = iphoneos;
				SWIFT_ACTIVE_COMPILATION_CONDITIONS = "DEBUG $(inherited)";
				SWIFT_OPTIMIZATION_LEVEL = "-Onone";
			};
			name = Debug;
		};
		499584B82C8DEBDD00A77646 /* Release */ = {
			isa = XCBuildConfiguration;
			buildSettings = {
				ALWAYS_SEARCH_USER_PATHS = NO;
				ASSETCATALOG_COMPILER_GENERATE_SWIFT_ASSET_SYMBOL_EXTENSIONS = YES;
				CLANG_ANALYZER_NONNULL = YES;
				CLANG_ANALYZER_NUMBER_OBJECT_CONVERSION = YES_AGGRESSIVE;
				CLANG_CXX_LANGUAGE_STANDARD = "gnu++20";
				CLANG_ENABLE_MODULES = YES;
				CLANG_ENABLE_OBJC_ARC = YES;
				CLANG_ENABLE_OBJC_WEAK = YES;
				CLANG_WARN_BLOCK_CAPTURE_AUTORELEASING = YES;
				CLANG_WARN_BOOL_CONVERSION = YES;
				CLANG_WARN_COMMA = YES;
				CLANG_WARN_CONSTANT_CONVERSION = YES;
				CLANG_WARN_DEPRECATED_OBJC_IMPLEMENTATIONS = YES;
				CLANG_WARN_DIRECT_OBJC_ISA_USAGE = YES_ERROR;
				CLANG_WARN_DOCUMENTATION_COMMENTS = YES;
				CLANG_WARN_EMPTY_BODY = YES;
				CLANG_WARN_ENUM_CONVERSION = YES;
				CLANG_WARN_INFINITE_RECURSION = YES;
				CLANG_WARN_INT_CONVERSION = YES;
				CLANG_WARN_NON_LITERAL_NULL_CONVERSION = YES;
				CLANG_WARN_OBJC_IMPLICIT_RETAIN_SELF = YES;
				CLANG_WARN_OBJC_LITERAL_CONVERSION = YES;
				CLANG_WARN_OBJC_ROOT_CLASS = YES_ERROR;
				CLANG_WARN_QUOTED_INCLUDE_IN_FRAMEWORK_HEADER = YES;
				CLANG_WARN_RANGE_LOOP_ANALYSIS = YES;
				CLANG_WARN_STRICT_PROTOTYPES = YES;
				CLANG_WARN_SUSPICIOUS_MOVE = YES;
				CLANG_WARN_UNGUARDED_AVAILABILITY = YES_AGGRESSIVE;
				CLANG_WARN_UNREACHABLE_CODE = YES;
				CLANG_WARN__DUPLICATE_METHOD_MATCH = YES;
				COPY_PHASE_STRIP = NO;
				DEBUG_INFORMATION_FORMAT = "dwarf-with-dsym";
				ENABLE_NS_ASSERTIONS = NO;
				ENABLE_STRICT_OBJC_MSGSEND = YES;
				ENABLE_USER_SCRIPT_SANDBOXING = YES;
				GCC_C_LANGUAGE_STANDARD = gnu17;
				GCC_NO_COMMON_BLOCKS = YES;
				GCC_WARN_64_TO_32_BIT_CONVERSION = YES;
				GCC_WARN_ABOUT_RETURN_TYPE = YES_ERROR;
				GCC_WARN_UNDECLARED_SELECTOR = YES;
				GCC_WARN_UNINITIALIZED_AUTOS = YES_AGGRESSIVE;
				GCC_WARN_UNUSED_FUNCTION = YES;
				GCC_WARN_UNUSED_VARIABLE = YES;
				IPHONEOS_DEPLOYMENT_TARGET = 17.4;
				LOCALIZATION_PREFERS_STRING_CATALOGS = YES;
				MTL_ENABLE_DEBUG_INFO = NO;
				MTL_FAST_MATH = YES;
				SDKROOT = iphoneos;
				SWIFT_COMPILATION_MODE = wholemodule;
				VALIDATE_PRODUCT = YES;
			};
			name = Release;
		};
		499584BA2C8DEBDD00A77646 /* Debug */ = {
			isa = XCBuildConfiguration;
			buildSettings = {
				ASSETCATALOG_COMPILER_APPICON_NAME = AppIcon;
				ASSETCATALOG_COMPILER_GLOBAL_ACCENT_COLOR_NAME = AccentColor;
				CODE_SIGN_STYLE = Automatic;
				CURRENT_PROJECT_VERSION = 1;
				DEVELOPMENT_ASSET_PATHS = "\"ranchat/Preview Content\"";
				DEVELOPMENT_TEAM = 697ACQDW6C;
				ENABLE_PREVIEWS = YES;
				GENERATE_INFOPLIST_FILE = YES;
				INFOPLIST_FILE = ranchat/Info.plist;
				INFOPLIST_KEY_UIApplicationSceneManifest_Generation = YES;
				INFOPLIST_KEY_UIApplicationSupportsIndirectInputEvents = YES;
				INFOPLIST_KEY_UILaunchScreen_Generation = YES;
				INFOPLIST_KEY_UISupportedInterfaceOrientations_iPad = "UIInterfaceOrientationPortrait UIInterfaceOrientationPortraitUpsideDown UIInterfaceOrientationLandscapeLeft UIInterfaceOrientationLandscapeRight";
				INFOPLIST_KEY_UISupportedInterfaceOrientations_iPhone = "UIInterfaceOrientationPortrait UIInterfaceOrientationLandscapeLeft UIInterfaceOrientationLandscapeRight";
				LD_RUNPATH_SEARCH_PATHS = (
					"$(inherited)",
					"@executable_path/Frameworks",
				);
				MARKETING_VERSION = 1.0;
				PRODUCT_BUNDLE_IDENTIFIER = com.kihyeon.ranchat;
				PRODUCT_NAME = "$(TARGET_NAME)";
				SWIFT_EMIT_LOC_STRINGS = YES;
				SWIFT_VERSION = 5.0;
				TARGETED_DEVICE_FAMILY = "1,2";
			};
			name = Debug;
		};
		499584BB2C8DEBDD00A77646 /* Release */ = {
			isa = XCBuildConfiguration;
			buildSettings = {
				ASSETCATALOG_COMPILER_APPICON_NAME = AppIcon;
				ASSETCATALOG_COMPILER_GLOBAL_ACCENT_COLOR_NAME = AccentColor;
				CODE_SIGN_STYLE = Automatic;
				CURRENT_PROJECT_VERSION = 1;
				DEVELOPMENT_ASSET_PATHS = "\"ranchat/Preview Content\"";
				DEVELOPMENT_TEAM = 697ACQDW6C;
				ENABLE_PREVIEWS = YES;
				GENERATE_INFOPLIST_FILE = YES;
				INFOPLIST_FILE = ranchat/Info.plist;
				INFOPLIST_KEY_UIApplicationSceneManifest_Generation = YES;
				INFOPLIST_KEY_UIApplicationSupportsIndirectInputEvents = YES;
				INFOPLIST_KEY_UILaunchScreen_Generation = YES;
				INFOPLIST_KEY_UISupportedInterfaceOrientations_iPad = "UIInterfaceOrientationPortrait UIInterfaceOrientationPortraitUpsideDown UIInterfaceOrientationLandscapeLeft UIInterfaceOrientationLandscapeRight";
				INFOPLIST_KEY_UISupportedInterfaceOrientations_iPhone = "UIInterfaceOrientationPortrait UIInterfaceOrientationLandscapeLeft UIInterfaceOrientationLandscapeRight";
				LD_RUNPATH_SEARCH_PATHS = (
					"$(inherited)",
					"@executable_path/Frameworks",
				);
				MARKETING_VERSION = 1.0;
				PRODUCT_BUNDLE_IDENTIFIER = com.kihyeon.ranchat;
				PRODUCT_NAME = "$(TARGET_NAME)";
				SWIFT_EMIT_LOC_STRINGS = YES;
				SWIFT_VERSION = 5.0;
				TARGETED_DEVICE_FAMILY = "1,2";
			};
			name = Release;
		};
/* End XCBuildConfiguration section */

/* Begin XCConfigurationList section */
		499584A42C8DEBDB00A77646 /* Build configuration list for PBXProject "ranchat" */ = {
			isa = XCConfigurationList;
			buildConfigurations = (
				499584B72C8DEBDD00A77646 /* Debug */,
				499584B82C8DEBDD00A77646 /* Release */,
			);
			defaultConfigurationIsVisible = 0;
			defaultConfigurationName = Release;
		};
		499584B92C8DEBDD00A77646 /* Build configuration list for PBXNativeTarget "ranchat" */ = {
			isa = XCConfigurationList;
			buildConfigurations = (
				499584BA2C8DEBDD00A77646 /* Debug */,
				499584BB2C8DEBDD00A77646 /* Release */,
			);
			defaultConfigurationIsVisible = 0;
			defaultConfigurationName = Release;
		};
/* End XCConfigurationList section */

/* Begin XCRemoteSwiftPackageReference section */
		491E75842C95728600234650 /* XCRemoteSwiftPackageReference "Alamofire" */ = {
			isa = XCRemoteSwiftPackageReference;
			repositoryURL = "https://github.com/Alamofire/Alamofire.git";
			requirement = {
				kind = upToNextMajorVersion;
				minimumVersion = 5.9.1;
			};
		};
/* End XCRemoteSwiftPackageReference section */

/* Begin XCSwiftPackageProductDependency section */
		491E75852C95728600234650 /* Alamofire */ = {
			isa = XCSwiftPackageProductDependency;
			package = 491E75842C95728600234650 /* XCRemoteSwiftPackageReference "Alamofire" */;
			productName = Alamofire;
		};
		491E75872C95728600234650 /* AlamofireDynamic */ = {
			isa = XCSwiftPackageProductDependency;
			package = 491E75842C95728600234650 /* XCRemoteSwiftPackageReference "Alamofire" */;
			productName = AlamofireDynamic;
		};
/* End XCSwiftPackageProductDependency section */
	};
	rootObject = 499584A12C8DEBDB00A77646 /* Project object */;
}
