// !$*UTF8*$!
{
	archiveVersion = 1;
	classes = {
	};
	objectVersion = 56;
	objects = {

/* Begin PBXBuildFile section */
		492B64042CB3B34B000CB1A3 /* Preview Assets.xcassets in Resources */ = {isa = PBXBuildFile; fileRef = 492B63F82CB3B34B000CB1A3 /* Preview Assets.xcassets */; };
		492B64052CB3B34B000CB1A3 /* Assets.xcassets in Resources */ = {isa = PBXBuildFile; fileRef = 492B63FC2CB3B34B000CB1A3 /* Assets.xcassets */; };
		492B64062CB3B34B000CB1A3 /* DungGeunMo.ttf in Resources */ = {isa = PBXBuildFile; fileRef = 492B63FE2CB3B34B000CB1A3 /* DungGeunMo.ttf */; };
		492B64082CB3B34B000CB1A3 /* DosStyleTextField.swift in Sources */ = {isa = PBXBuildFile; fileRef = 492B63DD2CB3B34B000CB1A3 /* DosStyleTextField.swift */; };
		492B64092CB3B34B000CB1A3 /* MainButtonView.swift in Sources */ = {isa = PBXBuildFile; fileRef = 492B63DE2CB3B34B000CB1A3 /* MainButtonView.swift */; };
		492B640A2CB3B34B000CB1A3 /* Font+DungGeunMo.swift in Sources */ = {isa = PBXBuildFile; fileRef = 492B63E02CB3B34B000CB1A3 /* Font+DungGeunMo.swift */; };
		492B640B2CB3B34B000CB1A3 /* ApiHelper.swift in Sources */ = {isa = PBXBuildFile; fileRef = 492B63E22CB3B34B000CB1A3 /* ApiHelper.swift */; };
		492B640C2CB3B34B000CB1A3 /* DefaultData.swift in Sources */ = {isa = PBXBuildFile; fileRef = 492B63E32CB3B34B000CB1A3 /* DefaultData.swift */; };
		492B640D2CB3B34B000CB1A3 /* WebSocketHelper.swift in Sources */ = {isa = PBXBuildFile; fileRef = 492B63E42CB3B34B000CB1A3 /* WebSocketHelper.swift */; };
		492B640E2CB3B34B000CB1A3 /* HomeView.swift in Sources */ = {isa = PBXBuildFile; fileRef = 492B63E62CB3B34B000CB1A3 /* HomeView.swift */; };
		492B640F2CB3B34B000CB1A3 /* HomeViewModel.swift in Sources */ = {isa = PBXBuildFile; fileRef = 492B63E72CB3B34B000CB1A3 /* HomeViewModel.swift */; };
		492B64102CB3B34B000CB1A3 /* MessageListResponse.swift in Sources */ = {isa = PBXBuildFile; fileRef = 492B63E92CB3B34B000CB1A3 /* MessageListResponse.swift */; };
		492B64112CB3B34B000CB1A3 /* MessageData.swift in Sources */ = {isa = PBXBuildFile; fileRef = 492B63EB2CB3B34B000CB1A3 /* MessageData.swift */; };
		492B64122CB3B34B000CB1A3 /* RoomDataList.swift in Sources */ = {isa = PBXBuildFile; fileRef = 492B63ED2CB3B34B000CB1A3 /* RoomDataList.swift */; };
		492B64132CB3B34B000CB1A3 /* RoomDetailDataResponse.swift in Sources */ = {isa = PBXBuildFile; fileRef = 492B63EE2CB3B34B000CB1A3 /* RoomDetailDataResponse.swift */; };
		492B64142CB3B34B000CB1A3 /* ParticipantsData.swift in Sources */ = {isa = PBXBuildFile; fileRef = 492B63F02CB3B34B000CB1A3 /* ParticipantsData.swift */; };
		492B64152CB3B34B000CB1A3 /* RoomData.swift in Sources */ = {isa = PBXBuildFile; fileRef = 492B63F12CB3B34B000CB1A3 /* RoomData.swift */; };
		492B64162CB3B34B000CB1A3 /* RoomDetailData.swift in Sources */ = {isa = PBXBuildFile; fileRef = 492B63F22CB3B34B000CB1A3 /* RoomDetailData.swift */; };
		492B64172CB3B34B000CB1A3 /* UserData.swift in Sources */ = {isa = PBXBuildFile; fileRef = 492B63F42CB3B34B000CB1A3 /* UserData.swift */; };
		492B64182CB3B34B000CB1A3 /* DefaultResponse.swift in Sources */ = {isa = PBXBuildFile; fileRef = 492B63F62CB3B34B000CB1A3 /* DefaultResponse.swift */; };
		492B64192CB3B34B000CB1A3 /* SettingView.swift in Sources */ = {isa = PBXBuildFile; fileRef = 492B63FA2CB3B34B000CB1A3 /* SettingView.swift */; };
		492B641A2CB3B34B000CB1A3 /* ContentView.swift in Sources */ = {isa = PBXBuildFile; fileRef = 492B63FD2CB3B34B000CB1A3 /* ContentView.swift */; };
		492B641B2CB3B34B000CB1A3 /* Item.swift in Sources */ = {isa = PBXBuildFile; fileRef = 492B64002CB3B34B000CB1A3 /* Item.swift */; };
		492B641C2CB3B34B000CB1A3 /* ranchatApp.swift in Sources */ = {isa = PBXBuildFile; fileRef = 492B64012CB3B34B000CB1A3 /* ranchatApp.swift */; };
		492BBB5D2CB5022A00C027C6 /* NetworkMonitor.swift in Sources */ = {isa = PBXBuildFile; fileRef = 492BBB5C2CB5022300C027C6 /* NetworkMonitor.swift */; };
		492BBB602CB5086600C027C6 /* UUIDV7 in Frameworks */ = {isa = PBXBuildFile; productRef = 492BBB5F2CB5086600C027C6 /* UUIDV7 */; };
		49A3B7202CB65A2F002C6FA6 /* MatchingLoadingView.swift in Sources */ = {isa = PBXBuildFile; fileRef = 49A3B71F2CB65A2F002C6FA6 /* MatchingLoadingView.swift */; };
		49AA2E022CB68BFF0030BDF0 /* ChattingView.swift in Sources */ = {isa = PBXBuildFile; fileRef = 49AA2E012CB68BFF0030BDF0 /* ChattingView.swift */; };
		49AA2E052CB68CEC0030BDF0 /* ChattingViewModel.swift in Sources */ = {isa = PBXBuildFile; fileRef = 49AA2E042CB68CEC0030BDF0 /* ChattingViewModel.swift */; };
		49B515DE2CB5306A002F8875 /* IdHelper.swift in Sources */ = {isa = PBXBuildFile; fileRef = 49B515DD2CB5306A002F8875 /* IdHelper.swift */; };
		49B515E02CB550A4002F8875 /* SettingViewModel.swift in Sources */ = {isa = PBXBuildFile; fileRef = 49B515DF2CB550A4002F8875 /* SettingViewModel.swift */; };
		49B515E22CB55205002F8875 /* CenterLoadingView.swift in Sources */ = {isa = PBXBuildFile; fileRef = 49B515E12CB55205002F8875 /* CenterLoadingView.swift */; };
		49F2DA662CB6A9990060E4AB /* ChatInputView.swift in Sources */ = {isa = PBXBuildFile; fileRef = 49F2DA652CB6A9990060E4AB /* ChatInputView.swift */; };
		49F2DA682CB6B1030060E4AB /* ChatElementView.swift in Sources */ = {isa = PBXBuildFile; fileRef = 49F2DA672CB6B1030060E4AB /* ChatElementView.swift */; };
		49F2DA6A2CB6B6F40060E4AB /* ChatScrollView.swift in Sources */ = {isa = PBXBuildFile; fileRef = 49F2DA692CB6B6F40060E4AB /* ChatScrollView.swift */; };
		49F2DA6C2CB6C9B50060E4AB /* ReportDialogView.swift in Sources */ = {isa = PBXBuildFile; fileRef = 49F2DA6B2CB6C9B50060E4AB /* ReportDialogView.swift */; };
		49F2DA6E2CBA03C30060E4AB /* ExitDialogView.swift in Sources */ = {isa = PBXBuildFile; fileRef = 49F2DA6D2CBA03C30060E4AB /* ExitDialogView.swift */; };
		49F2DA732CC12CE10060E4AB /* RoomListView.swift in Sources */ = {isa = PBXBuildFile; fileRef = 49F2DA722CC12CE10060E4AB /* RoomListView.swift */; };
		8BB9142D288CAEA528D533D8 /* Pods_ranchat.framework in Frameworks */ = {isa = PBXBuildFile; fileRef = 3E83D129B83EB149794EC952 /* Pods_ranchat.framework */; };
/* End PBXBuildFile section */

/* Begin PBXCopyFilesBuildPhase section */
		499633C42CB3C61B00ED66EC /* Embed Frameworks */ = {
			isa = PBXCopyFilesBuildPhase;
			buildActionMask = 2147483647;
			dstPath = "";
			dstSubfolderSpec = 10;
			files = (
			);
			name = "Embed Frameworks";
			runOnlyForDeploymentPostprocessing = 0;
		};
/* End PBXCopyFilesBuildPhase section */

/* Begin PBXFileReference section */
		3E83D129B83EB149794EC952 /* Pods_ranchat.framework */ = {isa = PBXFileReference; explicitFileType = wrapper.framework; includeInIndex = 0; path = Pods_ranchat.framework; sourceTree = BUILT_PRODUCTS_DIR; };
		492B63DD2CB3B34B000CB1A3 /* DosStyleTextField.swift */ = {isa = PBXFileReference; lastKnownFileType = sourcecode.swift; path = DosStyleTextField.swift; sourceTree = "<group>"; };
		492B63DE2CB3B34B000CB1A3 /* MainButtonView.swift */ = {isa = PBXFileReference; lastKnownFileType = sourcecode.swift; path = MainButtonView.swift; sourceTree = "<group>"; };
		492B63E02CB3B34B000CB1A3 /* Font+DungGeunMo.swift */ = {isa = PBXFileReference; lastKnownFileType = sourcecode.swift; path = "Font+DungGeunMo.swift"; sourceTree = "<group>"; };
		492B63E22CB3B34B000CB1A3 /* ApiHelper.swift */ = {isa = PBXFileReference; lastKnownFileType = sourcecode.swift; path = ApiHelper.swift; sourceTree = "<group>"; };
		492B63E32CB3B34B000CB1A3 /* DefaultData.swift */ = {isa = PBXFileReference; lastKnownFileType = sourcecode.swift; path = DefaultData.swift; sourceTree = "<group>"; };
		492B63E42CB3B34B000CB1A3 /* WebSocketHelper.swift */ = {isa = PBXFileReference; lastKnownFileType = sourcecode.swift; path = WebSocketHelper.swift; sourceTree = "<group>"; };
		492B63E62CB3B34B000CB1A3 /* HomeView.swift */ = {isa = PBXFileReference; lastKnownFileType = sourcecode.swift; path = HomeView.swift; sourceTree = "<group>"; };
		492B63E72CB3B34B000CB1A3 /* HomeViewModel.swift */ = {isa = PBXFileReference; lastKnownFileType = sourcecode.swift; path = HomeViewModel.swift; sourceTree = "<group>"; };
		492B63E92CB3B34B000CB1A3 /* MessageListResponse.swift */ = {isa = PBXFileReference; lastKnownFileType = sourcecode.swift; path = MessageListResponse.swift; sourceTree = "<group>"; };
		492B63EB2CB3B34B000CB1A3 /* MessageData.swift */ = {isa = PBXFileReference; lastKnownFileType = sourcecode.swift; path = MessageData.swift; sourceTree = "<group>"; };
		492B63ED2CB3B34B000CB1A3 /* RoomDataList.swift */ = {isa = PBXFileReference; lastKnownFileType = sourcecode.swift; path = RoomDataList.swift; sourceTree = "<group>"; };
		492B63EE2CB3B34B000CB1A3 /* RoomDetailDataResponse.swift */ = {isa = PBXFileReference; lastKnownFileType = sourcecode.swift; path = RoomDetailDataResponse.swift; sourceTree = "<group>"; };
		492B63F02CB3B34B000CB1A3 /* ParticipantsData.swift */ = {isa = PBXFileReference; lastKnownFileType = sourcecode.swift; path = ParticipantsData.swift; sourceTree = "<group>"; };
		492B63F12CB3B34B000CB1A3 /* RoomData.swift */ = {isa = PBXFileReference; lastKnownFileType = sourcecode.swift; path = RoomData.swift; sourceTree = "<group>"; };
		492B63F22CB3B34B000CB1A3 /* RoomDetailData.swift */ = {isa = PBXFileReference; lastKnownFileType = sourcecode.swift; path = RoomDetailData.swift; sourceTree = "<group>"; };
		492B63F42CB3B34B000CB1A3 /* UserData.swift */ = {isa = PBXFileReference; lastKnownFileType = sourcecode.swift; path = UserData.swift; sourceTree = "<group>"; };
		492B63F62CB3B34B000CB1A3 /* DefaultResponse.swift */ = {isa = PBXFileReference; lastKnownFileType = sourcecode.swift; path = DefaultResponse.swift; sourceTree = "<group>"; };
		492B63F82CB3B34B000CB1A3 /* Preview Assets.xcassets */ = {isa = PBXFileReference; lastKnownFileType = folder.assetcatalog; path = "Preview Assets.xcassets"; sourceTree = "<group>"; };
		492B63FA2CB3B34B000CB1A3 /* SettingView.swift */ = {isa = PBXFileReference; lastKnownFileType = sourcecode.swift; path = SettingView.swift; sourceTree = "<group>"; };
		492B63FC2CB3B34B000CB1A3 /* Assets.xcassets */ = {isa = PBXFileReference; lastKnownFileType = folder.assetcatalog; path = Assets.xcassets; sourceTree = "<group>"; };
		492B63FD2CB3B34B000CB1A3 /* ContentView.swift */ = {isa = PBXFileReference; lastKnownFileType = sourcecode.swift; path = ContentView.swift; sourceTree = "<group>"; };
		492B63FE2CB3B34B000CB1A3 /* DungGeunMo.ttf */ = {isa = PBXFileReference; lastKnownFileType = file; path = DungGeunMo.ttf; sourceTree = "<group>"; };
		492B63FF2CB3B34B000CB1A3 /* Info.plist */ = {isa = PBXFileReference; lastKnownFileType = text.plist.xml; path = Info.plist; sourceTree = "<group>"; };
		492B64002CB3B34B000CB1A3 /* Item.swift */ = {isa = PBXFileReference; lastKnownFileType = sourcecode.swift; path = Item.swift; sourceTree = "<group>"; };
		492B64012CB3B34B000CB1A3 /* ranchatApp.swift */ = {isa = PBXFileReference; lastKnownFileType = sourcecode.swift; path = ranchatApp.swift; sourceTree = "<group>"; };
		492BBB5C2CB5022300C027C6 /* NetworkMonitor.swift */ = {isa = PBXFileReference; lastKnownFileType = sourcecode.swift; path = NetworkMonitor.swift; sourceTree = "<group>"; };
		499584A92C8DEBDB00A77646 /* ranchat.app */ = {isa = PBXFileReference; explicitFileType = wrapper.application; includeInIndex = 0; path = ranchat.app; sourceTree = BUILT_PRODUCTS_DIR; };
		49A3B71F2CB65A2F002C6FA6 /* MatchingLoadingView.swift */ = {isa = PBXFileReference; lastKnownFileType = sourcecode.swift; path = MatchingLoadingView.swift; sourceTree = "<group>"; };
		49AA2E012CB68BFF0030BDF0 /* ChattingView.swift */ = {isa = PBXFileReference; lastKnownFileType = sourcecode.swift; path = ChattingView.swift; sourceTree = "<group>"; };
		49AA2E042CB68CEC0030BDF0 /* ChattingViewModel.swift */ = {isa = PBXFileReference; lastKnownFileType = sourcecode.swift; path = ChattingViewModel.swift; sourceTree = "<group>"; };
		49B515DD2CB5306A002F8875 /* IdHelper.swift */ = {isa = PBXFileReference; lastKnownFileType = sourcecode.swift; path = IdHelper.swift; sourceTree = "<group>"; };
		49B515DF2CB550A4002F8875 /* SettingViewModel.swift */ = {isa = PBXFileReference; lastKnownFileType = sourcecode.swift; path = SettingViewModel.swift; sourceTree = "<group>"; };
		49B515E12CB55205002F8875 /* CenterLoadingView.swift */ = {isa = PBXFileReference; lastKnownFileType = sourcecode.swift; path = CenterLoadingView.swift; sourceTree = "<group>"; };
		49F2DA652CB6A9990060E4AB /* ChatInputView.swift */ = {isa = PBXFileReference; lastKnownFileType = sourcecode.swift; path = ChatInputView.swift; sourceTree = "<group>"; };
		49F2DA672CB6B1030060E4AB /* ChatElementView.swift */ = {isa = PBXFileReference; lastKnownFileType = sourcecode.swift; path = ChatElementView.swift; sourceTree = "<group>"; };
		49F2DA692CB6B6F40060E4AB /* ChatScrollView.swift */ = {isa = PBXFileReference; lastKnownFileType = sourcecode.swift; path = ChatScrollView.swift; sourceTree = "<group>"; };
		49F2DA6B2CB6C9B50060E4AB /* ReportDialogView.swift */ = {isa = PBXFileReference; lastKnownFileType = sourcecode.swift; path = ReportDialogView.swift; sourceTree = "<group>"; };
		49F2DA6D2CBA03C30060E4AB /* ExitDialogView.swift */ = {isa = PBXFileReference; lastKnownFileType = sourcecode.swift; path = ExitDialogView.swift; sourceTree = "<group>"; };
		49F2DA722CC12CE10060E4AB /* RoomListView.swift */ = {isa = PBXFileReference; lastKnownFileType = sourcecode.swift; path = RoomListView.swift; sourceTree = "<group>"; };
		6EBB5E4C9F83FF48F921F323 /* Pods-ranchat.debug.xcconfig */ = {isa = PBXFileReference; includeInIndex = 1; lastKnownFileType = text.xcconfig; name = "Pods-ranchat.debug.xcconfig"; path = "Target Support Files/Pods-ranchat/Pods-ranchat.debug.xcconfig"; sourceTree = "<group>"; };
		B031065110250D7527CFA8C9 /* Pods-ranchat.release.xcconfig */ = {isa = PBXFileReference; includeInIndex = 1; lastKnownFileType = text.xcconfig; name = "Pods-ranchat.release.xcconfig"; path = "Target Support Files/Pods-ranchat/Pods-ranchat.release.xcconfig"; sourceTree = "<group>"; };
/* End PBXFileReference section */

/* Begin PBXFrameworksBuildPhase section */
		499584A62C8DEBDB00A77646 /* Frameworks */ = {
			isa = PBXFrameworksBuildPhase;
			buildActionMask = 2147483647;
			files = (
				492BBB602CB5086600C027C6 /* UUIDV7 in Frameworks */,
				8BB9142D288CAEA528D533D8 /* Pods_ranchat.framework in Frameworks */,
			);
			runOnlyForDeploymentPostprocessing = 0;
		};
/* End PBXFrameworksBuildPhase section */

/* Begin PBXGroup section */
		1A05DFEA69F7DC0715DC075D /* Frameworks */ = {
			isa = PBXGroup;
			children = (
				3E83D129B83EB149794EC952 /* Pods_ranchat.framework */,
			);
			name = Frameworks;
			sourceTree = "<group>";
		};
		492B63DF2CB3B34B000CB1A3 /* Common */ = {
			isa = PBXGroup;
			children = (
				492B63DD2CB3B34B000CB1A3 /* DosStyleTextField.swift */,
				49B515E12CB55205002F8875 /* CenterLoadingView.swift */,
			);
			path = Common;
			sourceTree = "<group>";
		};
		492B63E12CB3B34B000CB1A3 /* Extension */ = {
			isa = PBXGroup;
			children = (
				492B63E02CB3B34B000CB1A3 /* Font+DungGeunMo.swift */,
			);
			path = Extension;
			sourceTree = "<group>";
		};
		492B63E52CB3B34B000CB1A3 /* Util */ = {
			isa = PBXGroup;
			children = (
				492B63E22CB3B34B000CB1A3 /* ApiHelper.swift */,
				492B63E32CB3B34B000CB1A3 /* DefaultData.swift */,
				492B63E42CB3B34B000CB1A3 /* WebSocketHelper.swift */,
				492BBB5C2CB5022300C027C6 /* NetworkMonitor.swift */,
				49B515DD2CB5306A002F8875 /* IdHelper.swift */,
			);
			path = Util;
			sourceTree = "<group>";
		};
		492B63E82CB3B34B000CB1A3 /* Home */ = {
			isa = PBXGroup;
			children = (
				49A3B71E2CB659FB002C6FA6 /* CustomView */,
				492B63E62CB3B34B000CB1A3 /* HomeView.swift */,
				492B63E72CB3B34B000CB1A3 /* HomeViewModel.swift */,
			);
			path = Home;
			sourceTree = "<group>";
		};
		492B63EA2CB3B34B000CB1A3 /* Response */ = {
			isa = PBXGroup;
			children = (
				492B63E92CB3B34B000CB1A3 /* MessageListResponse.swift */,
			);
			path = Response;
			sourceTree = "<group>";
		};
		492B63EC2CB3B34B000CB1A3 /* Message */ = {
			isa = PBXGroup;
			children = (
				492B63EA2CB3B34B000CB1A3 /* Response */,
				492B63EB2CB3B34B000CB1A3 /* MessageData.swift */,
			);
			path = Message;
			sourceTree = "<group>";
		};
		492B63EF2CB3B34B000CB1A3 /* Response */ = {
			isa = PBXGroup;
			children = (
				492B63ED2CB3B34B000CB1A3 /* RoomDataList.swift */,
				492B63EE2CB3B34B000CB1A3 /* RoomDetailDataResponse.swift */,
			);
			path = Response;
			sourceTree = "<group>";
		};
		492B63F32CB3B34B000CB1A3 /* Room */ = {
			isa = PBXGroup;
			children = (
				492B63EF2CB3B34B000CB1A3 /* Response */,
				492B63F02CB3B34B000CB1A3 /* ParticipantsData.swift */,
				492B63F12CB3B34B000CB1A3 /* RoomData.swift */,
				492B63F22CB3B34B000CB1A3 /* RoomDetailData.swift */,
			);
			path = Room;
			sourceTree = "<group>";
		};
		492B63F52CB3B34B000CB1A3 /* User */ = {
			isa = PBXGroup;
			children = (
				492B63F42CB3B34B000CB1A3 /* UserData.swift */,
			);
			path = User;
			sourceTree = "<group>";
		};
		492B63F72CB3B34B000CB1A3 /* Model */ = {
			isa = PBXGroup;
			children = (
				492B63EC2CB3B34B000CB1A3 /* Message */,
				492B63F32CB3B34B000CB1A3 /* Room */,
				492B63F52CB3B34B000CB1A3 /* User */,
				492B63F62CB3B34B000CB1A3 /* DefaultResponse.swift */,
				492B64002CB3B34B000CB1A3 /* Item.swift */,
			);
			path = Model;
			sourceTree = "<group>";
		};
		492B63F92CB3B34B000CB1A3 /* Preview Content */ = {
			isa = PBXGroup;
			children = (
				492B63F82CB3B34B000CB1A3 /* Preview Assets.xcassets */,
			);
			path = "Preview Content";
			sourceTree = "<group>";
		};
		492B63FB2CB3B34B000CB1A3 /* Setting */ = {
			isa = PBXGroup;
			children = (
				492B63FA2CB3B34B000CB1A3 /* SettingView.swift */,
				49B515DF2CB550A4002F8875 /* SettingViewModel.swift */,
			);
			path = Setting;
			sourceTree = "<group>";
		};
		492B64032CB3B34B000CB1A3 /* ranchat */ = {
			isa = PBXGroup;
			children = (
				492B64012CB3B34B000CB1A3 /* ranchatApp.swift */,
				492B63FD2CB3B34B000CB1A3 /* ContentView.swift */,
				492B63DF2CB3B34B000CB1A3 /* Common */,
				492B63E12CB3B34B000CB1A3 /* Extension */,
				492B63E52CB3B34B000CB1A3 /* Util */,
				492B63F72CB3B34B000CB1A3 /* Model */,
				492B63E82CB3B34B000CB1A3 /* Home */,
				492B63FB2CB3B34B000CB1A3 /* Setting */,
				49AA2E032CB68C080030BDF0 /* Chatting */,
				49F2DA742CC12CEB0060E4AB /* RoomList */,
				492B63FC2CB3B34B000CB1A3 /* Assets.xcassets */,
				492B63FE2CB3B34B000CB1A3 /* DungGeunMo.ttf */,
				492B63FF2CB3B34B000CB1A3 /* Info.plist */,
				492B63F92CB3B34B000CB1A3 /* Preview Content */,
			);
			path = ranchat;
			sourceTree = "<group>";
		};
		499584A02C8DEBDB00A77646 = {
			isa = PBXGroup;
			children = (
				492B64032CB3B34B000CB1A3 /* ranchat */,
				499584AA2C8DEBDB00A77646 /* Products */,
				7A2C7BC9619A53FD98386D6C /* Pods */,
				1A05DFEA69F7DC0715DC075D /* Frameworks */,
			);
			sourceTree = "<group>";
		};
		499584AA2C8DEBDB00A77646 /* Products */ = {
			isa = PBXGroup;
			children = (
				499584A92C8DEBDB00A77646 /* ranchat.app */,
			);
			name = Products;
			sourceTree = "<group>";
		};
		49A3B71E2CB659FB002C6FA6 /* CustomView */ = {
			isa = PBXGroup;
			children = (
				492B63DE2CB3B34B000CB1A3 /* MainButtonView.swift */,
				49A3B71F2CB65A2F002C6FA6 /* MatchingLoadingView.swift */,
			);
			path = CustomView;
			sourceTree = "<group>";
		};
		49AA2E032CB68C080030BDF0 /* Chatting */ = {
			isa = PBXGroup;
			children = (
				49F2DA642CB6A97C0060E4AB /* CustomView */,
				49AA2E012CB68BFF0030BDF0 /* ChattingView.swift */,
				49AA2E042CB68CEC0030BDF0 /* ChattingViewModel.swift */,
			);
			path = Chatting;
			sourceTree = "<group>";
		};
		49F2DA642CB6A97C0060E4AB /* CustomView */ = {
			isa = PBXGroup;
			children = (
				49F2DA652CB6A9990060E4AB /* ChatInputView.swift */,
				49F2DA672CB6B1030060E4AB /* ChatElementView.swift */,
				49F2DA692CB6B6F40060E4AB /* ChatScrollView.swift */,
				49F2DA6F2CBA03E40060E4AB /* Dialog */,
			);
			path = CustomView;
			sourceTree = "<group>";
		};
		49F2DA6F2CBA03E40060E4AB /* Dialog */ = {
			isa = PBXGroup;
			children = (
				49F2DA6B2CB6C9B50060E4AB /* ReportDialogView.swift */,
				49F2DA6D2CBA03C30060E4AB /* ExitDialogView.swift */,
			);
			path = Dialog;
			sourceTree = "<group>";
		};
		49F2DA742CC12CEB0060E4AB /* RoomList */ = {
			isa = PBXGroup;
			children = (
				49F2DA722CC12CE10060E4AB /* RoomListView.swift */,
			);
			path = RoomList;
			sourceTree = "<group>";
		};
		7A2C7BC9619A53FD98386D6C /* Pods */ = {
			isa = PBXGroup;
			children = (
				6EBB5E4C9F83FF48F921F323 /* Pods-ranchat.debug.xcconfig */,
				B031065110250D7527CFA8C9 /* Pods-ranchat.release.xcconfig */,
			);
			path = Pods;
			sourceTree = "<group>";
		};
/* End PBXGroup section */

/* Begin PBXNativeTarget section */
		499584A82C8DEBDB00A77646 /* ranchat */ = {
			isa = PBXNativeTarget;
			buildConfigurationList = 499584B92C8DEBDD00A77646 /* Build configuration list for PBXNativeTarget "ranchat" */;
			buildPhases = (
				600C758A37B63711ACFDABEC /* [CP] Check Pods Manifest.lock */,
				499584A52C8DEBDB00A77646 /* Sources */,
				499584A62C8DEBDB00A77646 /* Frameworks */,
				499584A72C8DEBDB00A77646 /* Resources */,
				499633C42CB3C61B00ED66EC /* Embed Frameworks */,
				632A6D78B90F08B4E44DF0FF /* [CP] Embed Pods Frameworks */,
			);
			buildRules = (
			);
			dependencies = (
			);
			name = ranchat;
			productName = ranchat;
			productReference = 499584A92C8DEBDB00A77646 /* ranchat.app */;
			productType = "com.apple.product-type.application";
		};
/* End PBXNativeTarget section */

/* Begin PBXProject section */
		499584A12C8DEBDB00A77646 /* Project object */ = {
			isa = PBXProject;
			attributes = {
				BuildIndependentTargetsInParallel = 1;
				LastSwiftUpdateCheck = 1530;
				LastUpgradeCheck = 1600;
				TargetAttributes = {
					499584A82C8DEBDB00A77646 = {
						CreatedOnToolsVersion = 15.3;
					};
				};
			};
			buildConfigurationList = 499584A42C8DEBDB00A77646 /* Build configuration list for PBXProject "ranchat" */;
			compatibilityVersion = "Xcode 14.0";
			developmentRegion = en;
			hasScannedForEncodings = 0;
			knownRegions = (
				en,
				Base,
			);
			mainGroup = 499584A02C8DEBDB00A77646;
			packageReferences = (
				492BBB5E2CB5086600C027C6 /* XCRemoteSwiftPackageReference "UUIDV7" */,
			);
			productRefGroup = 499584AA2C8DEBDB00A77646 /* Products */;
			projectDirPath = "";
			projectRoot = "";
			targets = (
				499584A82C8DEBDB00A77646 /* ranchat */,
			);
		};
/* End PBXProject section */

/* Begin PBXResourcesBuildPhase section */
		499584A72C8DEBDB00A77646 /* Resources */ = {
			isa = PBXResourcesBuildPhase;
			buildActionMask = 2147483647;
			files = (
				492B64042CB3B34B000CB1A3 /* Preview Assets.xcassets in Resources */,
				492B64052CB3B34B000CB1A3 /* Assets.xcassets in Resources */,
				492B64062CB3B34B000CB1A3 /* DungGeunMo.ttf in Resources */,
			);
			runOnlyForDeploymentPostprocessing = 0;
		};
/* End PBXResourcesBuildPhase section */

/* Begin PBXShellScriptBuildPhase section */
		600C758A37B63711ACFDABEC /* [CP] Check Pods Manifest.lock */ = {
			isa = PBXShellScriptBuildPhase;
			buildActionMask = 2147483647;
			files = (
			);
			inputFileListPaths = (
			);
			inputPaths = (
				"${PODS_PODFILE_DIR_PATH}/Podfile.lock",
				"${PODS_ROOT}/Manifest.lock",
			);
			name = "[CP] Check Pods Manifest.lock";
			outputFileListPaths = (
			);
			outputPaths = (
				"$(DERIVED_FILE_DIR)/Pods-ranchat-checkManifestLockResult.txt",
			);
			runOnlyForDeploymentPostprocessing = 0;
			shellPath = /bin/sh;
			shellScript = "diff \"${PODS_PODFILE_DIR_PATH}/Podfile.lock\" \"${PODS_ROOT}/Manifest.lock\" > /dev/null\nif [ $? != 0 ] ; then\n    # print error to STDERR\n    echo \"error: The sandbox is not in sync with the Podfile.lock. Run 'pod install' or update your CocoaPods installation.\" >&2\n    exit 1\nfi\n# This output is used by Xcode 'outputs' to avoid re-running this script phase.\necho \"SUCCESS\" > \"${SCRIPT_OUTPUT_FILE_0}\"\n";
			showEnvVarsInLog = 0;
		};
		632A6D78B90F08B4E44DF0FF /* [CP] Embed Pods Frameworks */ = {
			isa = PBXShellScriptBuildPhase;
			buildActionMask = 2147483647;
			files = (
			);
			inputFileListPaths = (
				"${PODS_ROOT}/Target Support Files/Pods-ranchat/Pods-ranchat-frameworks-${CONFIGURATION}-input-files.xcfilelist",
			);
			name = "[CP] Embed Pods Frameworks";
			outputFileListPaths = (
				"${PODS_ROOT}/Target Support Files/Pods-ranchat/Pods-ranchat-frameworks-${CONFIGURATION}-output-files.xcfilelist",
			);
			runOnlyForDeploymentPostprocessing = 0;
			shellPath = /bin/sh;
			shellScript = "\"${PODS_ROOT}/Target Support Files/Pods-ranchat/Pods-ranchat-frameworks.sh\"\n";
			showEnvVarsInLog = 0;
		};
/* End PBXShellScriptBuildPhase section */

/* Begin PBXSourcesBuildPhase section */
		499584A52C8DEBDB00A77646 /* Sources */ = {
			isa = PBXSourcesBuildPhase;
			buildActionMask = 2147483647;
			files = (
				492B64082CB3B34B000CB1A3 /* DosStyleTextField.swift in Sources */,
				492B64092CB3B34B000CB1A3 /* MainButtonView.swift in Sources */,
				49A3B7202CB65A2F002C6FA6 /* MatchingLoadingView.swift in Sources */,
				49F2DA6E2CBA03C30060E4AB /* ExitDialogView.swift in Sources */,
				492B640A2CB3B34B000CB1A3 /* Font+DungGeunMo.swift in Sources */,
				49AA2E052CB68CEC0030BDF0 /* ChattingViewModel.swift in Sources */,
				49F2DA682CB6B1030060E4AB /* ChatElementView.swift in Sources */,
				492B640B2CB3B34B000CB1A3 /* ApiHelper.swift in Sources */,
				492B640C2CB3B34B000CB1A3 /* DefaultData.swift in Sources */,
				49F2DA732CC12CE10060E4AB /* RoomListView.swift in Sources */,
				492B640D2CB3B34B000CB1A3 /* WebSocketHelper.swift in Sources */,
				492B640E2CB3B34B000CB1A3 /* HomeView.swift in Sources */,
				492B640F2CB3B34B000CB1A3 /* HomeViewModel.swift in Sources */,
				492B64102CB3B34B000CB1A3 /* MessageListResponse.swift in Sources */,
				492B64112CB3B34B000CB1A3 /* MessageData.swift in Sources */,
				49AA2E022CB68BFF0030BDF0 /* ChattingView.swift in Sources */,
				492B64122CB3B34B000CB1A3 /* RoomDataList.swift in Sources */,
				49B515E22CB55205002F8875 /* CenterLoadingView.swift in Sources */,
				49B515DE2CB5306A002F8875 /* IdHelper.swift in Sources */,
				492BBB5D2CB5022A00C027C6 /* NetworkMonitor.swift in Sources */,
				492B64132CB3B34B000CB1A3 /* RoomDetailDataResponse.swift in Sources */,
				492B64142CB3B34B000CB1A3 /* ParticipantsData.swift in Sources */,
				492B64152CB3B34B000CB1A3 /* RoomData.swift in Sources */,
				492B64162CB3B34B000CB1A3 /* RoomDetailData.swift in Sources */,
				492B64172CB3B34B000CB1A3 /* UserData.swift in Sources */,
				492B64182CB3B34B000CB1A3 /* DefaultResponse.swift in Sources */,
				49F2DA6C2CB6C9B50060E4AB /* ReportDialogView.swift in Sources */,
				49B515E02CB550A4002F8875 /* SettingViewModel.swift in Sources */,
				492B64192CB3B34B000CB1A3 /* SettingView.swift in Sources */,
				49F2DA662CB6A9990060E4AB /* ChatInputView.swift in Sources */,
				492B641A2CB3B34B000CB1A3 /* ContentView.swift in Sources */,
				492B641B2CB3B34B000CB1A3 /* Item.swift in Sources */,
				49F2DA6A2CB6B6F40060E4AB /* ChatScrollView.swift in Sources */,
				492B641C2CB3B34B000CB1A3 /* ranchatApp.swift in Sources */,
			);
			runOnlyForDeploymentPostprocessing = 0;
		};
/* End PBXSourcesBuildPhase section */

/* Begin XCBuildConfiguration section */
		499584B72C8DEBDD00A77646 /* Debug */ = {
			isa = XCBuildConfiguration;
			buildSettings = {
				ALWAYS_SEARCH_USER_PATHS = NO;
				ASSETCATALOG_COMPILER_GENERATE_SWIFT_ASSET_SYMBOL_EXTENSIONS = YES;
				CLANG_ANALYZER_NONNULL = YES;
				CLANG_ANALYZER_NUMBER_OBJECT_CONVERSION = YES_AGGRESSIVE;
				CLANG_CXX_LANGUAGE_STANDARD = "gnu++20";
				CLANG_ENABLE_MODULES = YES;
				CLANG_ENABLE_OBJC_ARC = YES;
				CLANG_ENABLE_OBJC_WEAK = YES;
				CLANG_WARN_BLOCK_CAPTURE_AUTORELEASING = YES;
				CLANG_WARN_BOOL_CONVERSION = YES;
				CLANG_WARN_COMMA = YES;
				CLANG_WARN_CONSTANT_CONVERSION = YES;
				CLANG_WARN_DEPRECATED_OBJC_IMPLEMENTATIONS = YES;
				CLANG_WARN_DIRECT_OBJC_ISA_USAGE = YES_ERROR;
				CLANG_WARN_DOCUMENTATION_COMMENTS = YES;
				CLANG_WARN_EMPTY_BODY = YES;
				CLANG_WARN_ENUM_CONVERSION = YES;
				CLANG_WARN_INFINITE_RECURSION = YES;
				CLANG_WARN_INT_CONVERSION = YES;
				CLANG_WARN_NON_LITERAL_NULL_CONVERSION = YES;
				CLANG_WARN_OBJC_IMPLICIT_RETAIN_SELF = YES;
				CLANG_WARN_OBJC_LITERAL_CONVERSION = YES;
				CLANG_WARN_OBJC_ROOT_CLASS = YES_ERROR;
				CLANG_WARN_QUOTED_INCLUDE_IN_FRAMEWORK_HEADER = YES;
				CLANG_WARN_RANGE_LOOP_ANALYSIS = YES;
				CLANG_WARN_STRICT_PROTOTYPES = YES;
				CLANG_WARN_SUSPICIOUS_MOVE = YES;
				CLANG_WARN_UNGUARDED_AVAILABILITY = YES_AGGRESSIVE;
				CLANG_WARN_UNREACHABLE_CODE = YES;
				CLANG_WARN__DUPLICATE_METHOD_MATCH = YES;
				COPY_PHASE_STRIP = NO;
				DEBUG_INFORMATION_FORMAT = dwarf;
				ENABLE_STRICT_OBJC_MSGSEND = YES;
				ENABLE_TESTABILITY = YES;
				ENABLE_USER_SCRIPT_SANDBOXING = NO;
				GCC_C_LANGUAGE_STANDARD = gnu17;
				GCC_DYNAMIC_NO_PIC = NO;
				GCC_NO_COMMON_BLOCKS = YES;
				GCC_OPTIMIZATION_LEVEL = 0;
				GCC_PREPROCESSOR_DEFINITIONS = (
					"DEBUG=1",
					"$(inherited)",
				);
				GCC_WARN_64_TO_32_BIT_CONVERSION = YES;
				GCC_WARN_ABOUT_RETURN_TYPE = YES_ERROR;
				GCC_WARN_UNDECLARED_SELECTOR = YES;
				GCC_WARN_UNINITIALIZED_AUTOS = YES_AGGRESSIVE;
				GCC_WARN_UNUSED_FUNCTION = YES;
				GCC_WARN_UNUSED_VARIABLE = YES;
				IPHONEOS_DEPLOYMENT_TARGET = 17.4;
				LOCALIZATION_PREFERS_STRING_CATALOGS = YES;
				MTL_ENABLE_DEBUG_INFO = INCLUDE_SOURCE;
				MTL_FAST_MATH = YES;
				ONLY_ACTIVE_ARCH = YES;
				SDKROOT = iphoneos;
				SWIFT_ACTIVE_COMPILATION_CONDITIONS = "DEBUG $(inherited)";
				SWIFT_OPTIMIZATION_LEVEL = "-Onone";
			};
			name = Debug;
		};
		499584B82C8DEBDD00A77646 /* Release */ = {
			isa = XCBuildConfiguration;
			buildSettings = {
				ALWAYS_SEARCH_USER_PATHS = NO;
				ASSETCATALOG_COMPILER_GENERATE_SWIFT_ASSET_SYMBOL_EXTENSIONS = YES;
				CLANG_ANALYZER_NONNULL = YES;
				CLANG_ANALYZER_NUMBER_OBJECT_CONVERSION = YES_AGGRESSIVE;
				CLANG_CXX_LANGUAGE_STANDARD = "gnu++20";
				CLANG_ENABLE_MODULES = YES;
				CLANG_ENABLE_OBJC_ARC = YES;
				CLANG_ENABLE_OBJC_WEAK = YES;
				CLANG_WARN_BLOCK_CAPTURE_AUTORELEASING = YES;
				CLANG_WARN_BOOL_CONVERSION = YES;
				CLANG_WARN_COMMA = YES;
				CLANG_WARN_CONSTANT_CONVERSION = YES;
				CLANG_WARN_DEPRECATED_OBJC_IMPLEMENTATIONS = YES;
				CLANG_WARN_DIRECT_OBJC_ISA_USAGE = YES_ERROR;
				CLANG_WARN_DOCUMENTATION_COMMENTS = YES;
				CLANG_WARN_EMPTY_BODY = YES;
				CLANG_WARN_ENUM_CONVERSION = YES;
				CLANG_WARN_INFINITE_RECURSION = YES;
				CLANG_WARN_INT_CONVERSION = YES;
				CLANG_WARN_NON_LITERAL_NULL_CONVERSION = YES;
				CLANG_WARN_OBJC_IMPLICIT_RETAIN_SELF = YES;
				CLANG_WARN_OBJC_LITERAL_CONVERSION = YES;
				CLANG_WARN_OBJC_ROOT_CLASS = YES_ERROR;
				CLANG_WARN_QUOTED_INCLUDE_IN_FRAMEWORK_HEADER = YES;
				CLANG_WARN_RANGE_LOOP_ANALYSIS = YES;
				CLANG_WARN_STRICT_PROTOTYPES = YES;
				CLANG_WARN_SUSPICIOUS_MOVE = YES;
				CLANG_WARN_UNGUARDED_AVAILABILITY = YES_AGGRESSIVE;
				CLANG_WARN_UNREACHABLE_CODE = YES;
				CLANG_WARN__DUPLICATE_METHOD_MATCH = YES;
				COPY_PHASE_STRIP = NO;
				DEBUG_INFORMATION_FORMAT = "dwarf-with-dsym";
				ENABLE_NS_ASSERTIONS = NO;
				ENABLE_STRICT_OBJC_MSGSEND = YES;
				ENABLE_USER_SCRIPT_SANDBOXING = NO;
				GCC_C_LANGUAGE_STANDARD = gnu17;
				GCC_NO_COMMON_BLOCKS = YES;
				GCC_WARN_64_TO_32_BIT_CONVERSION = YES;
				GCC_WARN_ABOUT_RETURN_TYPE = YES_ERROR;
				GCC_WARN_UNDECLARED_SELECTOR = YES;
				GCC_WARN_UNINITIALIZED_AUTOS = YES_AGGRESSIVE;
				GCC_WARN_UNUSED_FUNCTION = YES;
				GCC_WARN_UNUSED_VARIABLE = YES;
				IPHONEOS_DEPLOYMENT_TARGET = 17.4;
				LOCALIZATION_PREFERS_STRING_CATALOGS = YES;
				MTL_ENABLE_DEBUG_INFO = NO;
				MTL_FAST_MATH = YES;
				SDKROOT = iphoneos;
				SWIFT_COMPILATION_MODE = wholemodule;
				VALIDATE_PRODUCT = YES;
			};
			name = Release;
		};
		499584BA2C8DEBDD00A77646 /* Debug */ = {
			isa = XCBuildConfiguration;
			baseConfigurationReference = 6EBB5E4C9F83FF48F921F323 /* Pods-ranchat.debug.xcconfig */;
			buildSettings = {
				ASSETCATALOG_COMPILER_APPICON_NAME = AppIcon;
				ASSETCATALOG_COMPILER_GLOBAL_ACCENT_COLOR_NAME = AccentColor;
				CODE_SIGN_IDENTITY = "Apple Development";
				CODE_SIGN_STYLE = Automatic;
				CURRENT_PROJECT_VERSION = 1;
				DEVELOPMENT_ASSET_PATHS = "\"ranchat/Preview Content\"";
				DEVELOPMENT_TEAM = 697ACQDW6C;
				ENABLE_PREVIEWS = YES;
				GENERATE_INFOPLIST_FILE = YES;
				INFOPLIST_FILE = ranchat/Info.plist;
				INFOPLIST_KEY_UIApplicationSceneManifest_Generation = YES;
				INFOPLIST_KEY_UIApplicationSupportsIndirectInputEvents = YES;
				INFOPLIST_KEY_UILaunchScreen_Generation = YES;
				INFOPLIST_KEY_UISupportedInterfaceOrientations_iPad = "UIInterfaceOrientationPortrait UIInterfaceOrientationPortraitUpsideDown UIInterfaceOrientationLandscapeLeft UIInterfaceOrientationLandscapeRight";
				INFOPLIST_KEY_UISupportedInterfaceOrientations_iPhone = "UIInterfaceOrientationPortrait UIInterfaceOrientationLandscapeLeft UIInterfaceOrientationLandscapeRight";
				IPHONEOS_DEPLOYMENT_TARGET = 17.4;
				LD_RUNPATH_SEARCH_PATHS = (
					"$(inherited)",
					"@executable_path/Frameworks",
				);
				MARKETING_VERSION = 1.0;
				PRODUCT_BUNDLE_IDENTIFIER = com.kihyeon.rantalk;
				PRODUCT_NAME = "$(TARGET_NAME)";
				PROVISIONING_PROFILE_SPECIFIER = "";
				SWIFT_EMIT_LOC_STRINGS = YES;
				SWIFT_VERSION = 5.0;
				TARGETED_DEVICE_FAMILY = "1,2";
			};
			name = Debug;
		};
		499584BB2C8DEBDD00A77646 /* Release */ = {
			isa = XCBuildConfiguration;
			baseConfigurationReference = B031065110250D7527CFA8C9 /* Pods-ranchat.release.xcconfig */;
			buildSettings = {
				ASSETCATALOG_COMPILER_APPICON_NAME = AppIcon;
				ASSETCATALOG_COMPILER_GLOBAL_ACCENT_COLOR_NAME = AccentColor;
				CODE_SIGN_IDENTITY = "Apple Development";
				CODE_SIGN_STYLE = Automatic;
				CURRENT_PROJECT_VERSION = 1;
				DEVELOPMENT_ASSET_PATHS = "\"ranchat/Preview Content\"";
				DEVELOPMENT_TEAM = 697ACQDW6C;
				ENABLE_PREVIEWS = YES;
				GENERATE_INFOPLIST_FILE = YES;
				INFOPLIST_FILE = ranchat/Info.plist;
				INFOPLIST_KEY_UIApplicationSceneManifest_Generation = YES;
				INFOPLIST_KEY_UIApplicationSupportsIndirectInputEvents = YES;
				INFOPLIST_KEY_UILaunchScreen_Generation = YES;
				INFOPLIST_KEY_UISupportedInterfaceOrientations_iPad = "UIInterfaceOrientationPortrait UIInterfaceOrientationPortraitUpsideDown UIInterfaceOrientationLandscapeLeft UIInterfaceOrientationLandscapeRight";
				INFOPLIST_KEY_UISupportedInterfaceOrientations_iPhone = "UIInterfaceOrientationPortrait UIInterfaceOrientationLandscapeLeft UIInterfaceOrientationLandscapeRight";
				IPHONEOS_DEPLOYMENT_TARGET = 17.4;
				LD_RUNPATH_SEARCH_PATHS = (
					"$(inherited)",
					"@executable_path/Frameworks",
				);
				MARKETING_VERSION = 1.0;
				PRODUCT_BUNDLE_IDENTIFIER = com.kihyeon.rantalk;
				PRODUCT_NAME = "$(TARGET_NAME)";
				PROVISIONING_PROFILE_SPECIFIER = "";
				SWIFT_EMIT_LOC_STRINGS = YES;
				SWIFT_VERSION = 5.0;
				TARGETED_DEVICE_FAMILY = "1,2";
			};
			name = Release;
		};
/* End XCBuildConfiguration section */

/* Begin XCConfigurationList section */
		499584A42C8DEBDB00A77646 /* Build configuration list for PBXProject "ranchat" */ = {
			isa = XCConfigurationList;
			buildConfigurations = (
				499584B72C8DEBDD00A77646 /* Debug */,
				499584B82C8DEBDD00A77646 /* Release */,
			);
			defaultConfigurationIsVisible = 0;
			defaultConfigurationName = Release;
		};
		499584B92C8DEBDD00A77646 /* Build configuration list for PBXNativeTarget "ranchat" */ = {
			isa = XCConfigurationList;
			buildConfigurations = (
				499584BA2C8DEBDD00A77646 /* Debug */,
				499584BB2C8DEBDD00A77646 /* Release */,
			);
			defaultConfigurationIsVisible = 0;
			defaultConfigurationName = Release;
		};
/* End XCConfigurationList section */

/* Begin XCRemoteSwiftPackageReference section */
		492BBB5E2CB5086600C027C6 /* XCRemoteSwiftPackageReference "UUIDV7" */ = {
			isa = XCRemoteSwiftPackageReference;
			repositoryURL = "https://github.com/nthState/UUIDV7";
			requirement = {
				branch = main;
				kind = branch;
			};
		};
/* End XCRemoteSwiftPackageReference section */

/* Begin XCSwiftPackageProductDependency section */
		492BBB5F2CB5086600C027C6 /* UUIDV7 */ = {
			isa = XCSwiftPackageProductDependency;
			package = 492BBB5E2CB5086600C027C6 /* XCRemoteSwiftPackageReference "UUIDV7" */;
			productName = UUIDV7;
		};
/* End XCSwiftPackageProductDependency section */
	};
	rootObject = 499584A12C8DEBDB00A77646 /* Project object */;
}
