{
  "originHash" : "89783c3b66d1673d1913dca42dea087770eb517a9a6358cdd15796f262856bc7",
  "pins" : [
    {
      "identity" : "uuidv7",
      "kind" : "remoteSourceControl",
      "location" : "https://github.com/nthState/UUIDV7",
      "state" : {
        "branch" : "main",
        "revision" : "68c460a23918f82b590cf4b20d06e92e019b39fc"
      }
    }
  ],
  "version" : 3
}
